<?xml version="1.0" encoding="utf-8"?>
<Project ToolsVersion="4.0" xmlns="http://schemas.microsoft.com/developer/msbuild/2003">
  <ItemGroup>
    <Filter Include="nmblas">
      <UniqueIdentifier>{627E6210-4E20-8DE6-37DB-A03A231C1437}</UniqueIdentifier>
    </Filter>
    <Filter Include="nmblas\level1">
      <UniqueIdentifier>{DAA2608B-4663-DCC1-0F9E-253F7B1D219E}</UniqueIdentifier>
    </Filter>
    <Filter Include="nmblas\level1\pc">
      <UniqueIdentifier>{5CC3ADA8-48BC-CCFA-71EE-B17F5D46AC06}</UniqueIdentifier>
    </Filter>
    <Filter Include="nmblas\level2">
      <UniqueIdentifier>{DBA2608B-4763-DCC1-109E-253F7C1D219E}</UniqueIdentifier>
    </Filter>
    <Filter Include="nmblas\level2\pc">
      <UniqueIdentifier>{BD4FAEA8-A948-CDFA-D27A-B27FBED2AC06}</UniqueIdentifier>
    </Filter>
    <Filter Include="nmplc">
      <UniqueIdentifier>{9F370310-0B4C-2BC1-D4CD-CE2040A127F2}</UniqueIdentifier>
    </Filter>
    <Filter Include="nmplc\arithmetic">
      <UniqueIdentifier>{D892B47E-C48B-D3D0-EDBD-B855D915B3DC}</UniqueIdentifier>
    </Filter>
    <Filter Include="nmplc\arithmetic\common">
      <UniqueIdentifier>{30111E60-9C48-66F7-A552-CA1A11098DF0}</UniqueIdentifier>
    </Filter>
    <Filter Include="nmplc\fixpoint32">
      <UniqueIdentifier>{44988C2E-3091-AB80-59C3-9005451B8B8C}</UniqueIdentifier>
    </Filter>
    <Filter Include="nmplc\fixpoint32\pc">
      <UniqueIdentifier>{86B88B86-F219-6994-7B87-AF46E7E79F53}</UniqueIdentifier>
    </Filter>
    <Filter Include="nmplc\init">
      <UniqueIdentifier>{62C80F4C-4E80-5199-B787-2AF5A35EEC89}</UniqueIdentifier>
    </Filter>
    <Filter Include="nmplc\init\common">
      <UniqueIdentifier>{7A67A835-E67D-A6CB-2FF5-31ED9B4A7753}</UniqueIdentifier>
    </Filter>
    <Filter Include="nmplc\integer">
      <UniqueIdentifier>{9C1C5174-08DD-CCAA-D117-16283D971187}</UniqueIdentifier>
    </Filter>
    <Filter Include="nmplc\integer\pc">
      <UniqueIdentifier>{DEFD616E-CAF6-80C0-F328-6645DF8060CC}</UniqueIdentifier>
    </Filter>
    <Filter Include="nmpli">
      <UniqueIdentifier>{A5370310-114C-2BC1-DACD-CE2046A127F2}</UniqueIdentifier>
    </Filter>
    <Filter Include="nmpli\Arithmetics">
      <UniqueIdentifier>{317FEA85-9D95-E81B-E60C-743D5262B9A3}</UniqueIdentifier>
    </Filter>
    <Filter Include="nmpli\Arithmetics\pc">
      <UniqueIdentifier>{53D469FB-3F63-F3C4-E881-07C0D4EF036B}</UniqueIdentifier>
    </Filter>
    <Filter Include="nmpli\Convert">
      <UniqueIdentifier>{359F08C4-A15F-84FA-6A9A-CD77D619C9D6}</UniqueIdentifier>
    </Filter>
    <Filter Include="nmpli\Convert\pc">
      <UniqueIdentifier>{D72556FE-C31E-7550-EC50-5AD5D8A8545C}</UniqueIdentifier>
    </Filter>
    <Filter Include="nmpli\Filtration">
      <UniqueIdentifier>{307633FA-1C6F-524C-45A1-37D131F93158}</UniqueIdentifier>
    </Filter>
    <Filter Include="nmpli\Filtration\common">
      <UniqueIdentifier>{88C140D8-F4F8-886F-FD02-ED9269B9AF68}</UniqueIdentifier>
    </Filter>
    <Filter Include="nmpli\Filtration\pc">
      <UniqueIdentifier>{F2DE22F2-5E40-0000-E7AD-46B2530E37BF}</UniqueIdentifier>
    </Filter>
    <Filter Include="nmpli\Floodfill">
      <UniqueIdentifier>{AF67EABD-1BF3-5782-2404-DB76900EB482}</UniqueIdentifier>
    </Filter>
    <Filter Include="nmpli\Floodfill\common">
      <UniqueIdentifier>{272E47C1-1328-7013-FC94-0624E82DD67F}</UniqueIdentifier>
    </Filter>
    <Filter Include="nmpli\Init">
      <UniqueIdentifier>{0830FD59-F4E7-3EA7-5DEF-170349C6D997}</UniqueIdentifier>
    </Filter>
    <Filter Include="nmpli\Init\common">
      <UniqueIdentifier>{60F84B66-CC0E-4AFC-1586-D51D81DB1A84}</UniqueIdentifier>
    </Filter>
    <Filter Include="nmpli\Reodering">
      <UniqueIdentifier>{F3CF62A4-5F5B-D068-686C-535DD4762C69}</UniqueIdentifier>
    </Filter>
    <Filter Include="nmpli\Reodering\pc">
      <UniqueIdentifier>{D5852A53-C169-EBA8-2ACA-E5FB16CDD52A}</UniqueIdentifier>
    </Filter>
    <Filter Include="nmpli\Resample">
      <UniqueIdentifier>{EDC16325-D98F-572B-C223-C851AE903390}</UniqueIdentifier>
    </Filter>
    <Filter Include="nmpli\Resample\common">
      <UniqueIdentifier>{A5D66843-1143-243E-DA36-BC9B466246A6}</UniqueIdentifier>
    </Filter>
    <Filter Include="nmpli\Resample\pc">
      <UniqueIdentifier>{8FEDDAB8-FB03-D94E-447B-6470B0D0A9D6}</UniqueIdentifier>
    </Filter>
    <Filter Include="nmpli\Select">
      <UniqueIdentifier>{547EBBE4-40E1-4A89-E966-833FD5A8160C}</UniqueIdentifier>
    </Filter>
    <Filter Include="nmpli\Select\pc">
      <UniqueIdentifier>{96A42134-0230-8FF8-0B41-12ED774BEBF8}</UniqueIdentifier>
    </Filter>
    <Filter Include="nmpli\Support">
      <UniqueIdentifier>{5170CCA1-BD30-48D8-866B-9155F2EA8CB4}</UniqueIdentifier>
    </Filter>
    <Filter Include="nmpli\Support\common">
      <UniqueIdentifier>{89EC38C3-757B-C28C-1E9A-D6870A08D332}</UniqueIdentifier>
    </Filter>
    <Filter Include="nmplm">
      <UniqueIdentifier>{A9370310-154C-2BC1-DECD-CE204AA127F2}</UniqueIdentifier>
    </Filter>
    <Filter Include="nmplm\Init">
      <UniqueIdentifier>{8CD25163-788A-93B0-E191-6C0CCD682EA1}</UniqueIdentifier>
    </Filter>
    <Filter Include="nmplm\Init\pc">
      <UniqueIdentifier>{CE2D2661-3AEE-A197-0329-EB146FA8E673}</UniqueIdentifier>
    </Filter>
    <Filter Include="nmplm\Inverse">
      <UniqueIdentifier>{14500A62-8010-8698-494B-CF15B5CACA74}</UniqueIdentifier>
    </Filter>
    <Filter Include="nmplm\Inverse\common">
      <UniqueIdentifier>{EC126B8B-D8A1-F454-81C0-08506D2E05FB}</UniqueIdentifier>
    </Filter>
    <Filter Include="nmplm\MatrixVector">
      <UniqueIdentifier>{A09BE9FA-8C7F-AA50-F5DF-A4A3E1E294D2}</UniqueIdentifier>
    </Filter>
    <Filter Include="nmplm\MatrixVector\pc">
      <UniqueIdentifier>{624EA0D3-CEBA-5BCE-97AE-F32B03DA7D36}</UniqueIdentifier>
    </Filter>
    <Filter Include="nmplm\Support">
      <UniqueIdentifier>{5534BE73-C1F4-39AA-8A2F-8327F6AE7E86}</UniqueIdentifier>
    </Filter>
    <Filter Include="nmplm\Support\common">
      <UniqueIdentifier>{0D840DF4-F912-97BD-A231-ABB88E9FA763}</UniqueIdentifier>
    </Filter>
    <Filter Include="nmpls">
      <UniqueIdentifier>{AF370310-1B4C-2BC1-E4CD-CE2050A127F2}</UniqueIdentifier>
    </Filter>
    <Filter Include="nmpls\Arithmetics">
      <UniqueIdentifier>{3BDEA09F-A7F4-9E35-F06B-2A575CC16FBD}</UniqueIdentifier>
    </Filter>
    <Filter Include="nmpls\Arithmetics\pc">
      <UniqueIdentifier>{1D4F7D75-09DE-063F-B2FC-1A3A9E6A17E5}</UniqueIdentifier>
    </Filter>
    <Filter Include="nmpls\Correlation">
      <UniqueIdentifier>{40A58AF4-ACBB-888A-F532-14AC61885912}</UniqueIdentifier>
    </Filter>
    <Filter Include="nmpls\Correlation\pc">
      <UniqueIdentifier>{0274E87A-EE02-7244-9721-863F838F82EA}</UniqueIdentifier>
    </Filter>
    <Filter Include="nmpls\FFT">
      <UniqueIdentifier>{1E704049-8ADA-F4BF-D318-A6653FC2D214}</UniqueIdentifier>
    </Filter>
    <Filter Include="nmpls\FFT\FFT0016">
      <UniqueIdentifier>{74AB1CB7-E0C1-1A4D-2939-A66E958EEBD4}</UniqueIdentifier>
    </Filter>
    <Filter Include="nmpls\FFT\FFT0016\common">
      <UniqueIdentifier>{4CE29837-3807-E8B7-6152-CD474DD6E6D5}</UniqueIdentifier>
    </Filter>
    <Filter Include="nmpls\FFT\FFT0016\pc">
      <UniqueIdentifier>{B63DA10F-A2CC-2AD9-4BEB-3ED437593B7F}</UniqueIdentifier>
    </Filter>
    <Filter Include="nmpls\FFT\FFT0032">
      <UniqueIdentifier>{B2AB1CB7-1EC2-1A4D-6739-A66ED38EEBD4}</UniqueIdentifier>
    </Filter>
    <Filter Include="nmpls\FFT\FFT0032\common">
      <UniqueIdentifier>{CA708A6F-B695-D9EF-DFE0-BE7FCB64D80D}</UniqueIdentifier>
    </Filter>
    <Filter Include="nmpls\FFT\FFT0032\pc">
      <UniqueIdentifier>{343DC30F-20CC-4CD9-C9EA-60D4B5585D7F}</UniqueIdentifier>
    </Filter>
    <Filter Include="nmpls\FFT\FFT0064">
      <UniqueIdentifier>{17AC1CB7-83C2-1A4D-CC39-A66E388FEBD4}</UniqueIdentifier>
    </Filter>
    <Filter Include="nmpls\FFT\FFT0064\common">
      <UniqueIdentifier>{8F6D83A5-7B92-D225-A4DD-B7B59061D143}</UniqueIdentifier>
    </Filter>
    <Filter Include="nmpls\FFT\FFT0064\pc">
      <UniqueIdentifier>{799FFA0F-652E-84D9-0E4D-98D4FABA947F}</UniqueIdentifier>
    </Filter>
    <Filter Include="nmpls\FFT\FFT0256">
      <UniqueIdentifier>{7AB41CB7-E6CA-1A4D-2F42-A66E9B97EBD4}</UniqueIdentifier>
    </Filter>
    <Filter Include="nmpls\FFT\FFT0256\common">
      <UniqueIdentifier>{92C89F11-7EED-EE91-A738-D42193BCEDAF}</UniqueIdentifier>
    </Filter>
    <Filter Include="nmpls\FFT\FFT0256\pc">
      <UniqueIdentifier>{FCF09314-E87F-1DDE-919E-31D97D0C2E84}</UniqueIdentifier>
    </Filter>
    <Filter Include="nmpls\FFT\FFT0512">
      <UniqueIdentifier>{B5C01CB7-21D7-1A4D-6A4E-A66ED6A3EBD4}</UniqueIdentifier>
    </Filter>
    <Filter Include="nmpls\FFT\FFT0512\common">
      <UniqueIdentifier>{6D64C69A-5989-151B-82D4-FAAA6E581439}</UniqueIdentifier>
    </Filter>
    <Filter Include="nmpls\FFT\FFT0512\pc">
      <UniqueIdentifier>{57D7481B-4366-D2E4-EC84-E6DFD8F2E28A}</UniqueIdentifier>
    </Filter>
    <Filter Include="nmpls\FFT\FFT1024">
      <UniqueIdentifier>{F4371DB7-604E-1B4D-A9C5-A66E151BECD4}</UniqueIdentifier>
    </Filter>
    <Filter Include="nmpls\FFT\FFT1024\common">
      <UniqueIdentifier>{CC5EEE58-B883-3DD9-E1CE-2269CD523CF7}</UniqueIdentifier>
    </Filter>
    <Filter Include="nmpls\FFT\FFT1024\pc">
      <UniqueIdentifier>{367AAC5C-2209-3626-CB27-4A21B79546CC}</UniqueIdentifier>
    </Filter>
    <Filter Include="nmpls\FFT\FFT2048">
      <UniqueIdentifier>{9BC41DB7-07DB-1B4D-5052-A76EBCA7ECD4}</UniqueIdentifier>
    </Filter>
    <Filter Include="nmpls\FFT\FFT2048\common">
      <UniqueIdentifier>{93494B78-7F6E-9AF8-A8B9-7F88943D9916}</UniqueIdentifier>
    </Filter>
    <Filter Include="nmpls\FFT\FFT2048\pc">
      <UniqueIdentifier>{7D19CDA9-69A8-5673-12C7-6A6EFE346719}</UniqueIdentifier>
    </Filter>
    <Filter Include="nmpls\FFT\FFT4096">
      <UniqueIdentifier>{00DE1EB7-6CF4-1C4D-B56B-A86E21C1EDD4}</UniqueIdentifier>
    </Filter>
    <Filter Include="nmpls\FFT\FFT4096\pc">
      <UniqueIdentifier>{C2F41A44-AE83-A40D-57A2-B8084310B5B3}</UniqueIdentifier>
    </Filter>
    <Filter Include="nmpls\FFT\FFT8192">
      <UniqueIdentifier>{C11321B7-2D2A-1F4D-76A1-AA6EE2F6EFD4}</UniqueIdentifier>
    </Filter>
    <Filter Include="nmpls\FFT\FFT8192\common">
      <UniqueIdentifier>{F9516559-E576-B4D9-0EC2-9969FA45B3F7}</UniqueIdentifier>
    </Filter>
    <Filter Include="nmpls\FFT\FFT8192\pc">
      <UniqueIdentifier>{E3DE567A-CF6D-E043-788C-F43E64FAF0E9}</UniqueIdentifier>
    </Filter>
    <Filter Include="nmpls\FFT\FFTFree">
      <UniqueIdentifier>{6FDB29B7-DBF1-274D-2469-B36E90BEF8D4}</UniqueIdentifier>
    </Filter>
    <Filter Include="nmpls\FFT\FFTFree\common">
      <UniqueIdentifier>{E7E9A6C1-D30E-F641-FC59-DBD1E8DDF45F}</UniqueIdentifier>
    </Filter>
    <Filter Include="nmpls\FFT\IFFT0256">
      <UniqueIdentifier>{43D65A41-2FBA-1B97-981A-16EA841D0619}</UniqueIdentifier>
    </Filter>
    <Filter Include="nmpls\FFT\IFFT0256\pc">
      <UniqueIdentifier>{25AA9870-9116-546B-5A0A-ECC8C63576D3}</UniqueIdentifier>
    </Filter>
    <Filter Include="nmpls\FFT\IFFT0512">
      <UniqueIdentifier>{7EE25A41-6AC6-1B97-D326-16EABF290619}</UniqueIdentifier>
    </Filter>
    <Filter Include="nmpls\FFT\IFFT0512\pc">
      <UniqueIdentifier>{80904D77-ECFC-0872-B5F0-A0CF211C2BDA}</UniqueIdentifier>
    </Filter>
    <Filter Include="nmpls\FFT\IFFT1024">
      <UniqueIdentifier>{BD595B41-A93D-1C97-129E-16EAFEA00619}</UniqueIdentifier>
    </Filter>
    <Filter Include="nmpls\FFT\IFFT1024\pc">
      <UniqueIdentifier>{5F33B1B8-CB9F-6CB3-9493-041100BF8E1B}</UniqueIdentifier>
    </Filter>
    <Filter Include="nmpls\FFT\IFFT2048">
      <UniqueIdentifier>{64E65B41-50CA-1C97-B92A-17EAA52D0719}</UniqueIdentifier>
    </Filter>
    <Filter Include="nmpls\FFT\IFFT2048\common">
      <UniqueIdentifier>{3C6FEA4C-A831-1ED7-F1E1-AC635DE3F6B4}</UniqueIdentifier>
    </Filter>
    <Filter Include="nmpls\FFT\IFFT2048\pc">
      <UniqueIdentifier>{A6D2D105-123F-8D00-DB32-255E475EAF68}</UniqueIdentifier>
    </Filter>
    <Filter Include="nmpls\FFT\IFFT4096">
      <UniqueIdentifier>{C9FF5C41-B5E3-1D97-1E44-18EA0A470819}</UniqueIdentifier>
    </Filter>
    <Filter Include="nmpls\FFT\IFFT4096\pc">
      <UniqueIdentifier>{EBAD1FA0-571A-DB9A-200E-73F88C39FD02}</UniqueIdentifier>
    </Filter>
    <Filter Include="nmpls\FFT\IFFT8192">
      <UniqueIdentifier>{8A355F41-7619-2097-DF79-1AEACB7C0A19}</UniqueIdentifier>
    </Filter>
    <Filter Include="nmpls\FFT\IFFT8192\common">
      <UniqueIdentifier>{A277042E-0E3A-38B8-57EA-C644C3EB1096}</UniqueIdentifier>
    </Filter>
    <Filter Include="nmpls\FFT\IFFT8192\pc">
      <UniqueIdentifier>{0C985BD6-7804-17D1-41F8-AE2EAD233939}</UniqueIdentifier>
    </Filter>
    <Filter Include="nmpls\FFT\common">
      <UniqueIdentifier>{B6830FEF-A27C-2E41-CBAE-13C6B7060E4D}</UniqueIdentifier>
    </Filter>
    <Filter Include="nmpls\FFT_32fcr">
      <UniqueIdentifier>{1DAE799A-8939-E75E-924A-6A53FE54435F}</UniqueIdentifier>
    </Filter>
    <Filter Include="nmpls\FFT_32fcr\DFT0008">
      <UniqueIdentifier>{D2FE4246-3E36-8BDD-4740-EF00B3F6B1D6}</UniqueIdentifier>
    </Filter>
    <Filter Include="nmpls\FFT_32fcr\DFT0008\pc">
      <UniqueIdentifier>{543CBE42-404C-6A13-A905-CF31953459AC}</UniqueIdentifier>
    </Filter>
    <Filter Include="nmpls\FFT_32fcr\FFT0016">
      <UniqueIdentifier>{737837E0-DFAF-7F77-E8B9-E39A5470A670}</UniqueIdentifier>
    </Filter>
    <Filter Include="nmpls\FFT_32fcr\FFT0016\pc">
      <UniqueIdentifier>{555EE44A-416E-901B-AA27-F53996567FB4}</UniqueIdentifier>
    </Filter>
    <Filter Include="nmpls\FFT_32fcr\FFT0032">
      <UniqueIdentifier>{B17837E0-1DB0-7F77-26BA-E39A9270A670}</UniqueIdentifier>
    </Filter>
    <Filter Include="nmpls\FFT_32fcr\FFT0032\pc">
      <UniqueIdentifier>{D35D064B-BF6D-B21B-2827-173A1456A1B4}</UniqueIdentifier>
    </Filter>
    <Filter Include="nmpls\FFT_32fcr\FFT0064">
      <UniqueIdentifier>{167937E0-82B0-7F77-8BBA-E39AF770A670}</UniqueIdentifier>
    </Filter>
    <Filter Include="nmpls\FFT_32fcr\FFT0064\pc">
      <UniqueIdentifier>{18C03D4B-04D0-E91B-6D89-4E3A59B8D8B4}</UniqueIdentifier>
    </Filter>
    <Filter Include="nmpls\FFT_32fcr\FFT0128">
      <UniqueIdentifier>{D77C37E0-43B4-7F77-4CBE-E39AB874A670}</UniqueIdentifier>
    </Filter>
    <Filter Include="nmpls\FFT_32fcr\FFT0128\pc">
      <UniqueIdentifier>{39B84C4D-25C8-F81D-8E81-5D3C7AB0E7B6}</UniqueIdentifier>
    </Filter>
    <Filter Include="nmpls\FFT_32fcr\FFT0256">
      <UniqueIdentifier>{798137E0-E5B8-7F77-EEC2-E39A5A79A670}</UniqueIdentifier>
    </Filter>
    <Filter Include="nmpls\FFT_32fcr\FFT0256\pc">
      <UniqueIdentifier>{9B11D74F-8721-8320-F0DA-E73EDC0972B9}</UniqueIdentifier>
    </Filter>
    <Filter Include="nmpls\FFT_32fcr\FFT0512">
      <UniqueIdentifier>{B48D37E0-20C5-7F77-29CF-E39A9585A670}</UniqueIdentifier>
    </Filter>
    <Filter Include="nmpls\FFT_32fcr\FFT0512\pc">
      <UniqueIdentifier>{F6F78B56-E207-3827-4BC1-9C4537F026C0}</UniqueIdentifier>
    </Filter>
    <Filter Include="nmpls\FFT_32fcr\FFT1024">
      <UniqueIdentifier>{F30438E0-5F3C-8077-6846-E49AD4FCA670}</UniqueIdentifier>
    </Filter>
    <Filter Include="nmpls\FFT_32fcr\FFT1024\pc">
      <UniqueIdentifier>{D59AEF97-C1AA-9B68-2A64-008716938A01}</UniqueIdentifier>
    </Filter>
    <Filter Include="nmpls\FFT_32fcr\FFT2048">
      <UniqueIdentifier>{9A9138E0-06C9-8077-0FD3-E49A7B89A770}</UniqueIdentifier>
    </Filter>
    <Filter Include="nmpls\FFT_32fcr\FFT2048\pc">
      <UniqueIdentifier>{1C3A10E5-084A-BCB5-7103-21D45D32AB4E}</UniqueIdentifier>
    </Filter>
    <Filter Include="nmpls\FFT_32fcr\FFT4096">
      <UniqueIdentifier>{FFAA39E0-6BE2-8177-74EC-E59AE0A2A870}</UniqueIdentifier>
    </Filter>
    <Filter Include="nmpls\FFT_32fcr\FFT4096\pc">
      <UniqueIdentifier>{61155E7F-4D25-0A50-B6DE-6E6EA20DF9E8}</UniqueIdentifier>
    </Filter>
    <Filter Include="nmpls\FFT_32fcr\FFTFree">
      <UniqueIdentifier>{6EA844E0-DADF-8C77-E3E9-F09A4FA0B370}</UniqueIdentifier>
    </Filter>
    <Filter Include="nmpls\FFT_32fcr\FFTFree\common">
      <UniqueIdentifier>{0642B734-F267-819B-DBAD-0667C772A667}</UniqueIdentifier>
    </Filter>
    <Filter Include="nmpls\FFT_32fcr\IFFT0016">
      <UniqueIdentifier>{1C3ACF8D-085F-1E0E-31AA-039E1D2E1D2C}</UniqueIdentifier>
    </Filter>
    <Filter Include="nmpls\FFT_32fcr\IFFT0016\pc">
      <UniqueIdentifier>{5E2B4D0F-CA38-7BF5-531F-77E0BF2B47AC}</UniqueIdentifier>
    </Filter>
    <Filter Include="nmpls\FFT_32fcr\IFFT0032">
      <UniqueIdentifier>{5A3ACF8D-465F-1E0E-6FAA-039E5B2E1D2C}</UniqueIdentifier>
    </Filter>
    <Filter Include="nmpls\FFT_32fcr\IFFT0032\pc">
      <UniqueIdentifier>{DC2A6F0F-4838-9DF5-D11E-99E03D2B69AC}</UniqueIdentifier>
    </Filter>
    <Filter Include="nmpls\FFT_32fcr\IFFT0064">
      <UniqueIdentifier>{BF3ACF8D-AB5F-1E0E-D4AA-039EC02E1D2C}</UniqueIdentifier>
    </Filter>
    <Filter Include="nmpls\FFT_32fcr\IFFT0064\pc">
      <UniqueIdentifier>{218DA60F-8D9A-D4F5-1681-D0E0828DA0AC}</UniqueIdentifier>
    </Filter>
    <Filter Include="nmpls\FFT_32fcr\IFFT0128">
      <UniqueIdentifier>{803ECF8D-6C63-1E0E-95AE-039E81321D2C}</UniqueIdentifier>
    </Filter>
    <Filter Include="nmpls\FFT_32fcr\IFFT0128\pc">
      <UniqueIdentifier>{4285B511-AE92-E3F7-3779-DFE2A385AFAE}</UniqueIdentifier>
    </Filter>
    <Filter Include="nmpls\FFT_32fcr\IFFT0256">
      <UniqueIdentifier>{2243CF8D-0E68-1E0E-37B3-039E23371D2C}</UniqueIdentifier>
    </Filter>
    <Filter Include="nmpls\FFT_32fcr\IFFT0256\pc">
      <UniqueIdentifier>{A4DE3F14-10EC-6DFA-99D2-69E505DF39B1}</UniqueIdentifier>
    </Filter>
    <Filter Include="nmpls\FFT_32fcr\IFFT0512">
      <UniqueIdentifier>{5D4FCF8D-4974-1E0E-72BF-039E5E431D2C}</UniqueIdentifier>
    </Filter>
    <Filter Include="nmpls\FFT_32fcr\IFFT0512\pc">
      <UniqueIdentifier>{FFC4F41A-6BD2-2201-F4B8-1EEC60C5EEB7}</UniqueIdentifier>
    </Filter>
    <Filter Include="nmpls\FFT_32fcr\IFFT1024">
      <UniqueIdentifier>{9CC6CF8D-88EB-1E0E-B136-049E9DBA1D2C}</UniqueIdentifier>
    </Filter>
    <Filter Include="nmpls\FFT_32fcr\IFFT1024\pc">
      <UniqueIdentifier>{DE67585C-4A75-8642-D35B-822D3F6852F9}</UniqueIdentifier>
    </Filter>
    <Filter Include="nmpls\FFT_32fcr\IFFT2048">
      <UniqueIdentifier>{4353D08D-2F78-1F0E-58C3-049E44471E2C}</UniqueIdentifier>
    </Filter>
    <Filter Include="nmpls\FFT_32fcr\IFFT2048\pc">
      <UniqueIdentifier>{250779A9-9114-A78F-1AFB-A27A86077346}</UniqueIdentifier>
    </Filter>
    <Filter Include="nmpls\FFT_32fcr\IFFT4096">
      <UniqueIdentifier>{A86CD18D-9491-200E-BDDC-059EA9601F2C}</UniqueIdentifier>
    </Filter>
    <Filter Include="nmpls\FFT_32fcr\IFFT4096\pc">
      <UniqueIdentifier>{6AE2C643-D6EF-F429-5FD6-F014CBE2C0E0}</UniqueIdentifier>
    </Filter>
    <Filter Include="nmpls\FFT_32fcr\common">
      <UniqueIdentifier>{D52C758B-C126-9EDD-AA93-34EE962C044A}</UniqueIdentifier>
    </Filter>
    <Filter Include="nmpls\Filtration">
      <UniqueIdentifier>{FA1BB5E3-E614-D435-0F47-B9BAFB9EB341}</UniqueIdentifier>
    </Filter>
    <Filter Include="nmpls\Filtration\common">
      <UniqueIdentifier>{12C0C8C0-7EF7-1058-8701-757BF3B73751}</UniqueIdentifier>
    </Filter>
    <Filter Include="nmpls\Filtration\pc">
      <UniqueIdentifier>{7C28ED52-E889-CA60-71F7-1013DD570120}</UniqueIdentifier>
    </Filter>
    <Filter Include="nmpls\Metric">
      <UniqueIdentifier>{62765311-4ED9-E2B5-F75E-1B6CE3A0AE38}</UniqueIdentifier>
    </Filter>
    <Filter Include="nmpls\Resample">
      <UniqueIdentifier>{376DCD4D-233B-C153-0CCF-317AF83B9DB8}</UniqueIdentifier>
    </Filter>
    <Filter Include="nmpls\Resample\pc">
      <UniqueIdentifier>{994C91D2-0563-8F68-4EDA-1A8ABA2F60F0}</UniqueIdentifier>
    </Filter>
    <Filter Include="nmplv">
      <UniqueIdentifier>{B2370310-1E4C-2BC1-E7CD-CE2053A127F2}</UniqueIdentifier>
    </Filter>
    <Filter Include="nmplv\Arithmetics">
      <UniqueIdentifier>{BEFABD8D-2A11-BC23-7388-4745DFDD8CAB}</UniqueIdentifier>
    </Filter>
    <Filter Include="nmplv\Arithmetics\common">
      <UniqueIdentifier>{56DAD2CA-42FF-214B-6B4A-07DB57CE2069}</UniqueIdentifier>
    </Filter>
    <Filter Include="nmplv\Arithmetics\pc">
      <UniqueIdentifier>{C0C01C9A-AC4F-A663-556E-BA5E41DCB609}</UniqueIdentifier>
    </Filter>
    <Filter Include="nmplv\Bitwise">
      <UniqueIdentifier>{385CCE53-A41C-4A8A-6D57-9307D9D68E66}</UniqueIdentifier>
    </Filter>
    <Filter Include="nmplv\Bitwise\pc">
      <UniqueIdentifier>{FA67A09B-E660-BFED-0F93-A472FBEA9EF9}</UniqueIdentifier>
    </Filter>
    <Filter Include="nmplv\Init">
      <UniqueIdentifier>{35405078-21F8-91C5-8AFF-6A2176D62CB6}</UniqueIdentifier>
    </Filter>
    <Filter Include="nmplv\Init\common">
      <UniqueIdentifier>{ED731F6E-598A-1D04-A201-A9250E57EE8B}</UniqueIdentifier>
    </Filter>
    <Filter Include="nmplv\Init\pc">
      <UniqueIdentifier>{D7268679-43E7-01B0-0C22-4B2D78A1468C}</UniqueIdentifier>
    </Filter>
    <Filter Include="nmplv\Select">
      <UniqueIdentifier>{C14D13E4-ADB0-A288-5636-DB3E42786E0B}</UniqueIdentifier>
    </Filter>
    <Filter Include="nmplv\Select\common">
      <UniqueIdentifier>{F94B522C-65AD-2F3A-EE1A-76EC5A7B66F9}</UniqueIdentifier>
    </Filter>
    <Filter Include="nmplv\Select\pc">
      <UniqueIdentifier>{E3D8D6F9-4F64-44BE-5875-C7B2C47FA0BE}</UniqueIdentifier>
    </Filter>
    <Filter Include="nmplv\Stat">
      <UniqueIdentifier>{7DD45578-698C-97C5-D293-7021BE6A32B6}</UniqueIdentifier>
    </Filter>
    <Filter Include="nmplv\Stat\common">
      <UniqueIdentifier>{35671A18-A17D-18AE-EAF4-A3CF564AE935}</UniqueIdentifier>
    </Filter>
    <Filter Include="nmplv\Stat\pc">
      <UniqueIdentifier>{1FB6BA88-8B76-36BF-54B1-7F3CC0307B9B}</UniqueIdentifier>
    </Filter>
    <Filter Include="nmplv\Support">
      <UniqueIdentifier>{5E2D1E8C-CAED-99C2-9328-E33FFFA7DE9E}</UniqueIdentifier>
    </Filter>
    <Filter Include="nmplv\Support\common">
      <UniqueIdentifier>{F6D8EB61-E267-752B-8B86-892677F485D1}</UniqueIdentifier>
    </Filter>
    <Filter Include="nmplv\Support\pc">
      <UniqueIdentifier>{606F3F98-4C68-5EEA-759A-436F61F23DF6}</UniqueIdentifier>
    </Filter>
    <Filter Include="nmplv\Transform">
      <UniqueIdentifier>{FDD50335-6961-71F9-7272-F4EDDE7CCDF9}</UniqueIdentifier>
    </Filter>
    <Filter Include="nmplv\Transform\common">
      <UniqueIdentifier>{B5B8C767-A1B2-F0B9-8A1F-87CA76B85626}</UniqueIdentifier>
    </Filter>
    <Filter Include="nmplv\Transform\pc">
      <UniqueIdentifier>{9F477B2F-8B2B-3C85-F48B-36D8E08E2607}</UniqueIdentifier>
    </Filter>
  </ItemGroup>
  <ItemGroup>
    <ClCompile Include="..\..\src\nmblas\level1\pc\accmul.c">
      <Filter>nmblas\level1\pc</Filter>
    </ClCompile>
    <ClCompile Include="..\..\src\nmblas\level1\pc\nmblas_dasum.c">
      <Filter>nmblas\level1\pc</Filter>
    </ClCompile>
    <ClCompile Include="..\..\src\nmblas\level1\pc\nmblas_daxpy.c">
      <Filter>nmblas\level1\pc</Filter>
    </ClCompile>
    <ClCompile Include="..\..\src\nmblas\level1\pc\nmblas_dcopy.c">
      <Filter>nmblas\level1\pc</Filter>
    </ClCompile>
    <ClCompile Include="..\..\src\nmblas\level1\pc\nmblas_ddot.c">
      <Filter>nmblas\level1\pc</Filter>
    </ClCompile>
    <ClCompile Include="..\..\src\nmblas\level1\pc\nmblas_dnrm2.c">
      <Filter>nmblas\level1\pc</Filter>
    </ClCompile>
    <ClCompile Include="..\..\src\nmblas\level1\pc\nmblas_drot.c">
      <Filter>nmblas\level1\pc</Filter>
    </ClCompile>
    <ClCompile Include="..\..\src\nmblas\level1\pc\nmblas_drotm.c">
      <Filter>nmblas\level1\pc</Filter>
    </ClCompile>
    <ClCompile Include="..\..\src\nmblas\level1\pc\nmblas_dscal.c">
      <Filter>nmblas\level1\pc</Filter>
    </ClCompile>
    <ClCompile Include="..\..\src\nmblas\level1\pc\nmblas_dsdot.c">
      <Filter>nmblas\level1\pc</Filter>
    </ClCompile>
    <ClCompile Include="..\..\src\nmblas\level1\pc\nmblas_dswap.c">
      <Filter>nmblas\level1\pc</Filter>
    </ClCompile>
    <ClCompile Include="..\..\src\nmblas\level1\pc\nmblas_idamax.c">
      <Filter>nmblas\level1\pc</Filter>
    </ClCompile>
    <ClCompile Include="..\..\src\nmblas\level1\pc\nmblas_isasum.c">
      <Filter>nmblas\level1\pc</Filter>
    </ClCompile>
    <ClCompile Include="..\..\src\nmblas\level1\pc\nmblas_sasum.c">
      <Filter>nmblas\level1\pc</Filter>
    </ClCompile>
    <ClCompile Include="..\..\src\nmblas\level1\pc\nmblas_saxpy.c">
      <Filter>nmblas\level1\pc</Filter>
    </ClCompile>
    <ClCompile Include="..\..\src\nmblas\level1\pc\nmblas_scnrm2.c">
      <Filter>nmblas\level1\pc</Filter>
    </ClCompile>
    <ClCompile Include="..\..\src\nmblas\level1\pc\nmblas_scopy.c">
      <Filter>nmblas\level1\pc</Filter>
    </ClCompile>
    <ClCompile Include="..\..\src\nmblas\level1\pc\nmblas_sdot.c">
      <Filter>nmblas\level1\pc</Filter>
    </ClCompile>
    <ClCompile Include="..\..\src\nmblas\level1\pc\nmblas_sdsdot.c">
      <Filter>nmblas\level1\pc</Filter>
    </ClCompile>
    <ClCompile Include="..\..\src\nmblas\level1\pc\nmblas_snrm2.c">
      <Filter>nmblas\level1\pc</Filter>
    </ClCompile>
    <ClCompile Include="..\..\src\nmblas\level1\pc\nmblas_srot.c">
      <Filter>nmblas\level1\pc</Filter>
    </ClCompile>
    <ClCompile Include="..\..\src\nmblas\level1\pc\nmblas_srotm.c">
      <Filter>nmblas\level1\pc</Filter>
    </ClCompile>
    <ClCompile Include="..\..\src\nmblas\level1\pc\nmblas_sscal.c">
      <Filter>nmblas\level1\pc</Filter>
    </ClCompile>
    <ClCompile Include="..\..\src\nmblas\level1\pc\nmblas_sswap.c">
      <Filter>nmblas\level1\pc</Filter>
    </ClCompile>
    <ClCompile Include="..\..\src\nmblas\level2\pc\nmblas_dgemv.c">
      <Filter>nmblas\level2\pc</Filter>
    </ClCompile>
    <ClCompile Include="..\..\src\nmblas\level2\pc\nmblas_sgemv.c">
      <Filter>nmblas\level2\pc</Filter>
    </ClCompile>
    <ClCompile Include="..\..\src\nmblas\level2\pc\nmblas_sger.c">
      <Filter>nmblas\level2\pc</Filter>
    </ClCompile>
    <ClCompile Include="..\..\src\nmplc\arithmetic\common\SCL_DivC__nm64sc_nm64sc.cpp">
      <Filter>nmplc\arithmetic\common</Filter>
    </ClCompile>
    <ClCompile Include="..\..\src\nmplc\fixpoint32\pc\SCL_DoubleToFix32__double.c">
      <Filter>nmplc\fixpoint32\pc</Filter>
    </ClCompile>
    <ClCompile Include="..\..\src\nmplc\fixpoint32\pc\SCL_Fix32ToDouble__int.c">
      <Filter>nmplc\fixpoint32\pc</Filter>
    </ClCompile>
    <ClCompile Include="..\..\src\nmplc\fixpoint32\pc\SCL_FixDiv32__int.c">
      <Filter>nmplc\fixpoint32\pc</Filter>
    </ClCompile>
    <ClCompile Include="..\..\src\nmplc\fixpoint32\pc\SCL_FixMul32__int.c">
      <Filter>nmplc\fixpoint32\pc</Filter>
    </ClCompile>
    <ClCompile Include="..\..\src\nmplc\fixpoint32\pc\scl_fixarctan32__int.c">
      <Filter>nmplc\fixpoint32\pc</Filter>
    </ClCompile>
    <ClCompile Include="..\..\src\nmplc\fixpoint32\pc\scl_fixsqrt32__int.c">
      <Filter>nmplc\fixpoint32\pc</Filter>
    </ClCompile>
    <ClCompile Include="..\..\src\nmplc\init\common\nmppcRand.c">
      <Filter>nmplc\init\common</Filter>
    </ClCompile>
    <ClCompile Include="..\..\src\nmplc\integer\pc\nmppc-Sqrt_32u.c">
      <Filter>nmplc\integer\pc</Filter>
    </ClCompile>
    <ClCompile Include="..\..\src\nmplc\integer\pc\nmppc-Sqrt_64u.c">
      <Filter>nmplc\integer\pc</Filter>
    </ClCompile>
    <ClCompile Include="..\..\src\nmpli\Arithmetics\pc\IMG_Halfsum__nm16s_nm16s.cpp">
      <Filter>nmpli\Arithmetics\pc</Filter>
    </ClCompile>
    <ClCompile Include="..\..\src\nmpli\Arithmetics\pc\IMG_WAdd2I__RGB32_nm10s_RGB32_nm10s.cpp">
      <Filter>nmpli\Arithmetics\pc</Filter>
    </ClCompile>
    <ClCompile Include="..\..\src\nmpli\Convert\pc\IMG_GrayToRGB24__nm08u_RGB24_nm8u.cpp">
      <Filter>nmpli\Convert\pc</Filter>
    </ClCompile>
    <ClCompile Include="..\..\src\nmpli\Convert\pc\IMG_RGB24ToGray__RGB24_nm8u_nm08u.cpp">
      <Filter>nmpli\Convert\pc</Filter>
    </ClCompile>
    <ClCompile Include="..\..\src\nmpli\Convert\pc\IMG_RGB32ToGray__RGB32_nm8u_nm32s.cpp">
      <Filter>nmpli\Convert\pc</Filter>
    </ClCompile>
    <ClCompile Include="..\..\src\nmpli\Convert\pc\IMG_Rsh2__RGB32_nm10u_RGB32_nm10u.cpp">
      <Filter>nmpli\Convert\pc</Filter>
    </ClCompile>
    <ClCompile Include="..\..\src\nmpli\Filtration\common\nmppi-FilterInitAlloc_08s16s.c">
      <Filter>nmpli\Filtration\common</Filter>
    </ClCompile>
    <ClCompile Include="..\..\src\nmpli\Filtration\common\nmppi-FilterInitAlloc_16s32s.c">
      <Filter>nmpli\Filtration\common</Filter>
    </ClCompile>
    <ClCompile Include="..\..\src\nmpli\Filtration\common\nmppi-Filter_16s32s.c">
      <Filter>nmpli\Filtration\common</Filter>
    </ClCompile>
    <ClCompile Include="..\..\src\nmpli\Filtration\common\nmppiCreateFilter_16s16s.cpp">
      <Filter>nmpli\Filtration\common</Filter>
    </ClCompile>
    <ClCompile Include="..\..\src\nmpli\Filtration\common\nmppiCreateFilter_16s32s.cpp">
      <Filter>nmpli\Filtration\common</Filter>
    </ClCompile>
    <ClCompile Include="..\..\src\nmpli\Filtration\common\nmppiCreateFilter_32s32s.cpp">
      <Filter>nmpli\Filtration\common</Filter>
    </ClCompile>
    <ClCompile Include="..\..\src\nmpli\Filtration\common\nmppiCreateFilter_8s32s.cpp">
      <Filter>nmpli\Filtration\common</Filter>
    </ClCompile>
    <ClCompile Include="..\..\src\nmpli\Filtration\common\nmppiCreateFilter_8s8s.cpp">
      <Filter>nmpli\Filtration\common</Filter>
    </ClCompile>
    <ClCompile Include="..\..\src\nmpli\Filtration\common\nmppiIMG_CreateFilter_8s16s.cpp">
      <Filter>nmpli\Filtration\common</Filter>
    </ClCompile>
    <ClCompile Include="..\..\src\nmpli\Filtration\common\nmppiReleaseObject.cpp">
      <Filter>nmpli\Filtration\common</Filter>
    </ClCompile>
    <ClCompile Include="..\..\src\nmpli\Filtration\pc\IMG_Filter__nm08s_nm32s.cpp">
      <Filter>nmpli\Filtration\pc</Filter>
    </ClCompile>
    <ClCompile Include="..\..\src\nmpli\Filtration\pc\nmppi-Filter_08s16s.cpp">
      <Filter>nmpli\Filtration\pc</Filter>
    </ClCompile>
    <ClCompile Include="..\..\src\nmpli\Floodfill\common\FFill32b.cpp">
      <Filter>nmpli\Floodfill\common</Filter>
    </ClCompile>
    <ClCompile Include="..\..\src\nmpli\Init\common\CreateComplexTexture__char.cpp">
      <Filter>nmpli\Init\common</Filter>
    </ClCompile>
    <ClCompile Include="..\..\src\nmpli\Reodering\pc\DeinterlaceBlend.cpp">
      <Filter>nmpli\Reodering\pc</Filter>
    </ClCompile>
    <ClCompile Include="..\..\src\nmpli\Reodering\pc\DeinterlaceSplit.cpp">
      <Filter>nmpli\Reodering\pc</Filter>
    </ClCompile>
    <ClCompile Include="..\..\src\nmpli\Reodering\pc\IMG_MergeFromBlocks8x8__nm8s_nm8s.cpp">
      <Filter>nmpli\Reodering\pc</Filter>
    </ClCompile>
    <ClCompile Include="..\..\src\nmpli\Reodering\pc\IMG_SplitInto2x2Blocks8x8__nm8u_nm8u.cpp">
      <Filter>nmpli\Reodering\pc</Filter>
    </ClCompile>
    <ClCompile Include="..\..\src\nmpli\Reodering\pc\IMG_SplitInto2x2Blocks8x8xor__nm8u_nm8u.cpp">
      <Filter>nmpli\Reodering\pc</Filter>
    </ClCompile>
    <ClCompile Include="..\..\src\nmpli\Reodering\pc\IMG_SplitIntoBlocks8x8__nm8s_nm8s.cpp">
      <Filter>nmpli\Reodering\pc</Filter>
    </ClCompile>
    <ClCompile Include="..\..\src\nmpli\Resample\common\SetVResample3div2.cpp">
      <Filter>nmpli\Resample\common</Filter>
    </ClCompile>
    <ClCompile Include="..\..\src\nmpli\Resample\pc\nmppiResampleDown2Y_8u8u.cpp">
      <Filter>nmpli\Resample\pc</Filter>
    </ClCompile>
    <ClCompile Include="..\..\src\nmpli\Resample\pc\nmppiResampleUp3Down2_8u8u.cpp">
      <Filter>nmpli\Resample\pc</Filter>
    </ClCompile>
    <ClCompile Include="..\..\src\nmpli\Select\pc\IMG_CompareGtC__nm16s_nm16s.cpp">
      <Filter>nmpli\Select\pc</Filter>
    </ClCompile>
    <ClCompile Include="..\..\src\nmpli\Support\common\IMG_Release__void.cpp">
      <Filter>nmpli\Support\common</Filter>
    </ClCompile>
    <ClCompile Include="..\..\src\nmplm\Init\pc\MTR_Copy.cpp">
      <Filter>nmplm\Init\pc</Filter>
    </ClCompile>
    <ClCompile Include="..\..\src\nmplm\Init\pc\MTR_Fill.cpp">
      <Filter>nmplm\Init\pc</Filter>
    </ClCompile>
    <ClCompile Include="..\..\src\nmplm\Init\pc\nmppmCopy_32fc.c">
      <Filter>nmplm\Init\pc</Filter>
    </ClCompile>
    <ClCompile Include="..\..\src\nmplm\Inverse\common\mtrResolve.cpp">
      <Filter>nmplm\Inverse\common</Filter>
    </ClCompile>
    <ClCompile Include="..\..\src\nmplm\MatrixVector\pc\MTR_MulC_AddVsVc__int.cpp">
      <Filter>nmplm\MatrixVector\pc</Filter>
    </ClCompile>
    <ClCompile Include="..\..\src\nmplm\MatrixVector\pc\MTR_ProdUnitV.cpp">
      <Filter>nmplm\MatrixVector\pc</Filter>
    </ClCompile>
    <ClCompile Include="..\..\src\nmplm\MatrixVector\pc\nmppm-Mul_mm.cpp">
      <Filter>nmplm\MatrixVector\pc</Filter>
    </ClCompile>
    <ClCompile Include="..\..\src\nmplm\MatrixVector\pc\nmppm-Mul_mv.cpp">
      <Filter>nmplm\MatrixVector\pc</Filter>
    </ClCompile>
    <ClCompile Include="..\..\src\nmplm\MatrixVector\pc\nmppm-Mul_mv_ext.cpp">
      <Filter>nmplm\MatrixVector\pc</Filter>
    </ClCompile>
    <ClCompile Include="..\..\src\nmplm\Support\common\mtrSetMatrix.cpp">
      <Filter>nmplm\Support\common</Filter>
    </ClCompile>
    <ClCompile Include="..\..\src\nmpls\Arithmetics\pc\nmppsCos.c">
      <Filter>nmpls\Arithmetics\pc</Filter>
    </ClCompile>
    <ClCompile Include="..\..\src\nmpls\Arithmetics\pc\nmppsDiv_32f.c">
      <Filter>nmpls\Arithmetics\pc</Filter>
    </ClCompile>
    <ClCompile Include="..\..\src\nmpls\Arithmetics\pc\nmppsExp.c">
      <Filter>nmpls\Arithmetics\pc</Filter>
    </ClCompile>
    <ClCompile Include="..\..\src\nmpls\Arithmetics\pc\nmppsLog.c">
      <Filter>nmpls\Arithmetics\pc</Filter>
    </ClCompile>
    <ClCompile Include="..\..\src\nmpls\Arithmetics\pc\nmppsPowx_64f.c">
      <Filter>nmpls\Arithmetics\pc</Filter>
    </ClCompile>
    <ClCompile Include="..\..\src\nmpls\Arithmetics\pc\nmppsSin.c">
      <Filter>nmpls\Arithmetics\pc</Filter>
    </ClCompile>
    <ClCompile Include="..\..\src\nmpls\Arithmetics\pc\nmppsSqrt.c">
      <Filter>nmpls\Arithmetics\pc</Filter>
    </ClCompile>
    <ClCompile Include="..\..\src\nmpls\Correlation\pc\SIG_XCorr.cpp">
      <Filter>nmpls\Correlation\pc</Filter>
    </ClCompile>
    <ClCompile Include="..\..\src\nmpls\FFT\FFT0016\common\nmppsFFT16FwdInit.cpp">
      <Filter>nmpls\FFT\FFT0016\common</Filter>
    </ClCompile>
    <ClCompile Include="..\..\src\nmpls\FFT\FFT0016\pc\nmppsFFT15Fwd.cpp">
      <Filter>nmpls\FFT\FFT0016\pc</Filter>
    </ClCompile>
    <ClCompile Include="..\..\src\nmpls\FFT\FFT0016\pc\nmppsFFT16Fwd.cpp">
      <Filter>nmpls\FFT\FFT0016\pc</Filter>
    </ClCompile>
    <ClCompile Include="..\..\src\nmpls\FFT\FFT0016\pc\nmppsFFT16FwdRef.cpp">
      <Filter>nmpls\FFT\FFT0016\pc</Filter>
    </ClCompile>
    <ClCompile Include="..\..\src\nmpls\FFT\FFT0032\common\nmpps-fft32fwdinit.c">
      <Filter>nmpls\FFT\FFT0032\common</Filter>
    </ClCompile>
    <ClCompile Include="..\..\src\nmpls\FFT\FFT0032\common\nmpps-fft32fwdref.cpp">
      <Filter>nmpls\FFT\FFT0032\common</Filter>
    </ClCompile>
    <ClCompile Include="..\..\src\nmpls\FFT\FFT0032\pc\nmpps-fft32fwd.c">
      <Filter>nmpls\FFT\FFT0032\pc</Filter>
    </ClCompile>
    <ClCompile Include="..\..\src\nmpls\FFT\FFT0032\pc\nmppsFFT32FwdRef.cpp">
      <Filter>nmpls\FFT\FFT0032\pc</Filter>
    </ClCompile>
    <ClCompile Include="..\..\src\nmpls\FFT\FFT0064\common\nmpps-fft64fwdinit.c">
      <Filter>nmpls\FFT\FFT0064\common</Filter>
    </ClCompile>
    <ClCompile Include="..\..\src\nmpls\FFT\FFT0064\common\nmpps-fft64fwdref.cpp">
      <Filter>nmpls\FFT\FFT0064\common</Filter>
    </ClCompile>
    <ClCompile Include="..\..\src\nmpls\FFT\FFT0064\pc\nmpps-fft64fwd.c">
      <Filter>nmpls\FFT\FFT0064\pc</Filter>
    </ClCompile>
    <ClCompile Include="..\..\src\nmpls\FFT\FFT0256\common\nmpps-fft256FwdRef.cpp">
      <Filter>nmpls\FFT\FFT0256\common</Filter>
    </ClCompile>
    <ClCompile Include="..\..\src\nmpls\FFT\FFT0256\common\nmpps-fft256fwd.c">
      <Filter>nmpls\FFT\FFT0256\common</Filter>
    </ClCompile>
    <ClCompile Include="..\..\src\nmpls\FFT\FFT0256\common\nmpps-fft256inv.c">
      <Filter>nmpls\FFT\FFT0256\common</Filter>
    </ClCompile>
    <ClCompile Include="..\..\src\nmpls\FFT\FFT0256\pc\W256Tbl.cpp">
      <Filter>nmpls\FFT\FFT0256\pc</Filter>
    </ClCompile>
    <ClCompile Include="..\..\src\nmpls\FFT\FFT0256\pc\pcFFT256.cpp">
      <Filter>nmpls\FFT\FFT0256\pc</Filter>
    </ClCompile>
    <ClCompile Include="..\..\src\nmpls\FFT\FFT0512\common\nmpps-FFT512Fwd.c">
      <Filter>nmpls\FFT\FFT0512\common</Filter>
    </ClCompile>
    <ClCompile Include="..\..\src\nmpls\FFT\FFT0512\common\nmpps-FFT512Inv.c">
      <Filter>nmpls\FFT\FFT0512\common</Filter>
    </ClCompile>
    <ClCompile Include="..\..\src\nmpls\FFT\FFT0512\pc\W512tbl.cpp">
      <Filter>nmpls\FFT\FFT0512\pc</Filter>
    </ClCompile>
    <ClCompile Include="..\..\src\nmpls\FFT\FFT0512\pc\nmpps-FFT512Fwd.cpp">
      <Filter>nmpls\FFT\FFT0512\pc</Filter>
    </ClCompile>
    <ClCompile Include="..\..\src\nmpls\FFT\FFT0512\pc\nmpps-FFT512Inv.cpp">
      <Filter>nmpls\FFT\FFT0512\pc</Filter>
    </ClCompile>
    <ClCompile Include="..\..\src\nmpls\FFT\FFT0512\pc\pcFFT512.cpp">
      <Filter>nmpls\FFT\FFT0512\pc</Filter>
    </ClCompile>
    <ClCompile Include="..\..\src\nmpls\FFT\FFT1024\common\nmpps-FFT1024Fwd.c">
      <Filter>nmpls\FFT\FFT1024\common</Filter>
    </ClCompile>
    <ClCompile Include="..\..\src\nmpls\FFT\FFT1024\common\nmpps-FFT1024Inv.c">
      <Filter>nmpls\FFT\FFT1024\common</Filter>
    </ClCompile>
    <ClCompile Include="..\..\src\nmpls\FFT\FFT1024\common\nmppsFFT1024FwdRef_32fc.cpp">
      <Filter>nmpls\FFT\FFT1024\common</Filter>
    </ClCompile>
    <ClCompile Include="..\..\src\nmpls\FFT\FFT1024\pc\W1024Tbl.cpp">
      <Filter>nmpls\FFT\FFT1024\pc</Filter>
    </ClCompile>
    <ClCompile Include="..\..\src\nmpls\FFT\FFT1024\pc\pcFFT1024.cpp">
      <Filter>nmpls\FFT\FFT1024\pc</Filter>
    </ClCompile>
    <ClCompile Include="..\..\src\nmpls\FFT\FFT2048\common\nmpps-fft2048fwdinit.cpp">
      <Filter>nmpls\FFT\FFT2048\common</Filter>
    </ClCompile>
    <ClCompile Include="..\..\src\nmpls\FFT\FFT2048\pc\W2048Tbl.cpp">
      <Filter>nmpls\FFT\FFT2048\pc</Filter>
    </ClCompile>
    <ClCompile Include="..\..\src\nmpls\FFT\FFT2048\pc\nmpps-fft2048fwd.cpp">
      <Filter>nmpls\FFT\FFT2048\pc</Filter>
    </ClCompile>
    <ClCompile Include="..\..\src\nmpls\FFT\FFT2048\pc\nmpps-fft2048fwdref.cpp">
      <Filter>nmpls\FFT\FFT2048\pc</Filter>
    </ClCompile>
    <ClCompile Include="..\..\src\nmpls\FFT\FFT2048\pc\pcFFT2048.cpp">
      <Filter>nmpls\FFT\FFT2048\pc</Filter>
    </ClCompile>
    <ClCompile Include="..\..\src\nmpls\FFT\FFT4096\pc\pcFFT4096.cpp">
      <Filter>nmpls\FFT\FFT4096\pc</Filter>
    </ClCompile>
    <ClCompile Include="..\..\src\nmpls\FFT\FFT8192\common\nmpps-FFT8192FwdRef.cpp">
      <Filter>nmpls\FFT\FFT8192\common</Filter>
    </ClCompile>
    <ClCompile Include="..\..\src\nmpls\FFT\FFT8192\common\nmpps-fft8192fwdinit.cpp">
      <Filter>nmpls\FFT\FFT8192\common</Filter>
    </ClCompile>
    <ClCompile Include="..\..\src\nmpls\FFT\FFT8192\pc\nmpps-FFT8192Fwd.cpp">
      <Filter>nmpls\FFT\FFT8192\pc</Filter>
    </ClCompile>
    <ClCompile Include="..\..\src\nmpls\FFT\FFT8192\pc\pcFFT8192.cpp">
      <Filter>nmpls\FFT\FFT8192\pc</Filter>
    </ClCompile>
    <ClCompile Include="..\..\src\nmpls\FFT\FFTFree\common\nmpps-fftfree.c">
      <Filter>nmpls\FFT\FFTFree\common</Filter>
    </ClCompile>
    <ClCompile Include="..\..\src\nmpls\FFT\IFFT0256\pc\iW256Tbl.cpp">
      <Filter>nmpls\FFT\IFFT0256\pc</Filter>
    </ClCompile>
    <ClCompile Include="..\..\src\nmpls\FFT\IFFT0256\pc\pcIFFT256.cpp">
      <Filter>nmpls\FFT\IFFT0256\pc</Filter>
    </ClCompile>
    <ClCompile Include="..\..\src\nmpls\FFT\IFFT0512\pc\iW512tbl.cpp">
      <Filter>nmpls\FFT\IFFT0512\pc</Filter>
    </ClCompile>
    <ClCompile Include="..\..\src\nmpls\FFT\IFFT0512\pc\pcIFFT512.cpp">
      <Filter>nmpls\FFT\IFFT0512\pc</Filter>
    </ClCompile>
    <ClCompile Include="..\..\src\nmpls\FFT\IFFT1024\pc\iW1024Tbl.cpp">
      <Filter>nmpls\FFT\IFFT1024\pc</Filter>
    </ClCompile>
    <ClCompile Include="..\..\src\nmpls\FFT\IFFT1024\pc\pcIFFT1024.cpp">
      <Filter>nmpls\FFT\IFFT1024\pc</Filter>
    </ClCompile>
    <ClCompile Include="..\..\src\nmpls\FFT\IFFT2048\common\nmpps-FFT2048Inv.cpp">
      <Filter>nmpls\FFT\IFFT2048\common</Filter>
    </ClCompile>
    <ClCompile Include="..\..\src\nmpls\FFT\IFFT2048\common\nmpps-fft2048invinit.cpp">
      <Filter>nmpls\FFT\IFFT2048\common</Filter>
    </ClCompile>
    <ClCompile Include="..\..\src\nmpls\FFT\IFFT2048\pc\iW2048Tbl.cpp">
      <Filter>nmpls\FFT\IFFT2048\pc</Filter>
    </ClCompile>
    <ClCompile Include="..\..\src\nmpls\FFT\IFFT2048\pc\nmpps-fft2048inv.cpp">
      <Filter>nmpls\FFT\IFFT2048\pc</Filter>
    </ClCompile>
    <ClCompile Include="..\..\src\nmpls\FFT\IFFT2048\pc\nmpps-fft2048invref.cpp">
      <Filter>nmpls\FFT\IFFT2048\pc</Filter>
    </ClCompile>
    <ClCompile Include="..\..\src\nmpls\FFT\IFFT2048\pc\pcIFFT2048.cpp">
      <Filter>nmpls\FFT\IFFT2048\pc</Filter>
    </ClCompile>
    <ClCompile Include="..\..\src\nmpls\FFT\IFFT4096\pc\pcIFFT4096.cpp">
      <Filter>nmpls\FFT\IFFT4096\pc</Filter>
    </ClCompile>
    <ClCompile Include="..\..\src\nmpls\FFT\IFFT8192\common\nmpps-FFT8192InvInit.cpp">
      <Filter>nmpls\FFT\IFFT8192\common</Filter>
    </ClCompile>
    <ClCompile Include="..\..\src\nmpls\FFT\IFFT8192\common\nmpps-fft8192invref.cpp">
      <Filter>nmpls\FFT\IFFT8192\common</Filter>
    </ClCompile>
    <ClCompile Include="..\..\src\nmpls\FFT\IFFT8192\pc\nmpps-FFT8192Inv.cpp">
      <Filter>nmpls\FFT\IFFT8192\pc</Filter>
    </ClCompile>
    <ClCompile Include="..\..\src\nmpls\FFT\IFFT8192\pc\pcIFFT8192.cpp">
      <Filter>nmpls\FFT\IFFT8192\pc</Filter>
    </ClCompile>
    <ClCompile Include="..\..\src\nmpls\FFT\common\nmpps-common.cpp">
      <Filter>nmpls\FFT\common</Filter>
    </ClCompile>
    <ClCompile Include="..\..\src\nmpls\FFT_32fcr\DFT0008\pc\nmpps-DFT8Fwd_32fcr.c">
      <Filter>nmpls\FFT_32fcr\DFT0008\pc</Filter>
    </ClCompile>
    <ClCompile Include="..\..\src\nmpls\FFT_32fcr\FFT0016\pc\nmpps-FFT16FwdInit_32fcr.c">
      <Filter>nmpls\FFT_32fcr\FFT0016\pc</Filter>
    </ClCompile>
    <ClCompile Include="..\..\src\nmpls\FFT_32fcr\FFT0016\pc\nmpps-FFT16Fwd_32fcr.c">
      <Filter>nmpls\FFT_32fcr\FFT0016\pc</Filter>
    </ClCompile>
    <ClCompile Include="..\..\src\nmpls\FFT_32fcr\FFT0032\pc\nmpps-fft32fwd_32fcr.c">
      <Filter>nmpls\FFT_32fcr\FFT0032\pc</Filter>
    </ClCompile>
    <ClCompile Include="..\..\src\nmpls\FFT_32fcr\FFT0032\pc\nmpps-fft32fwdinit_32fcr.c">
      <Filter>nmpls\FFT_32fcr\FFT0032\pc</Filter>
    </ClCompile>
    <ClCompile Include="..\..\src\nmpls\FFT_32fcr\FFT0064\pc\nmpps-FFT64FwdInit_32fcr.c">
      <Filter>nmpls\FFT_32fcr\FFT0064\pc</Filter>
    </ClCompile>
    <ClCompile Include="..\..\src\nmpls\FFT_32fcr\FFT0064\pc\nmpps-FFT64Fwd_32fcr.c">
      <Filter>nmpls\FFT_32fcr\FFT0064\pc</Filter>
    </ClCompile>
    <ClCompile Include="..\..\src\nmpls\FFT_32fcr\FFT0128\pc\nmpps-FFT128FwdInit_32fcr.c">
      <Filter>nmpls\FFT_32fcr\FFT0128\pc</Filter>
    </ClCompile>
    <ClCompile Include="..\..\src\nmpls\FFT_32fcr\FFT0128\pc\nmpps-FFT128Fwd_32fcr.c">
      <Filter>nmpls\FFT_32fcr\FFT0128\pc</Filter>
    </ClCompile>
    <ClCompile Include="..\..\src\nmpls\FFT_32fcr\FFT0256\pc\nmpps-FFT256FwdInit_32fcr.c">
      <Filter>nmpls\FFT_32fcr\FFT0256\pc</Filter>
    </ClCompile>
    <ClCompile Include="..\..\src\nmpls\FFT_32fcr\FFT0256\pc\nmpps-FFT256Fwd_32fcr.c">
      <Filter>nmpls\FFT_32fcr\FFT0256\pc</Filter>
    </ClCompile>
    <ClCompile Include="..\..\src\nmpls\FFT_32fcr\FFT0512\pc\nmpps-FFT512FwdInit_32fcr.c">
      <Filter>nmpls\FFT_32fcr\FFT0512\pc</Filter>
    </ClCompile>
    <ClCompile Include="..\..\src\nmpls\FFT_32fcr\FFT0512\pc\nmpps-FFT512Fwd_32fcr.c">
      <Filter>nmpls\FFT_32fcr\FFT0512\pc</Filter>
    </ClCompile>
    <ClCompile Include="..\..\src\nmpls\FFT_32fcr\FFT1024\pc\nmpps-FFT1024FwdInit_32fcr.c">
      <Filter>nmpls\FFT_32fcr\FFT1024\pc</Filter>
    </ClCompile>
    <ClCompile Include="..\..\src\nmpls\FFT_32fcr\FFT1024\pc\nmpps-FFT1024Fwd_32fcr.c">
      <Filter>nmpls\FFT_32fcr\FFT1024\pc</Filter>
    </ClCompile>
    <ClCompile Include="..\..\src\nmpls\FFT_32fcr\FFT2048\pc\nmpps-FFT2048FwdInit_32fcr.c">
      <Filter>nmpls\FFT_32fcr\FFT2048\pc</Filter>
    </ClCompile>
    <ClCompile Include="..\..\src\nmpls\FFT_32fcr\FFT2048\pc\nmpps-FFT2048Fwd_32fcr.c">
      <Filter>nmpls\FFT_32fcr\FFT2048\pc</Filter>
    </ClCompile>
    <ClCompile Include="..\..\src\nmpls\FFT_32fcr\FFT4096\pc\nmpps-FFT4096FwdInit_32fcr.c">
      <Filter>nmpls\FFT_32fcr\FFT4096\pc</Filter>
    </ClCompile>
    <ClCompile Include="..\..\src\nmpls\FFT_32fcr\FFT4096\pc\nmpps-FFT4096Fwd_32fcr.c">
      <Filter>nmpls\FFT_32fcr\FFT4096\pc</Filter>
    </ClCompile>
    <ClCompile Include="..\..\src\nmpls\FFT_32fcr\FFTFree\common\nmpps-FFTFree_32fcr.c">
      <Filter>nmpls\FFT_32fcr\FFTFree\common</Filter>
    </ClCompile>
    <ClCompile Include="..\..\src\nmpls\FFT_32fcr\IFFT0016\pc\nmpps-FFT16InvInit_32fcr.c">
      <Filter>nmpls\FFT_32fcr\IFFT0016\pc</Filter>
    </ClCompile>
    <ClCompile Include="..\..\src\nmpls\FFT_32fcr\IFFT0016\pc\nmpps-FFT16Inv_32fcr.c">
      <Filter>nmpls\FFT_32fcr\IFFT0016\pc</Filter>
    </ClCompile>
    <ClCompile Include="..\..\src\nmpls\FFT_32fcr\IFFT0032\pc\nmpps-FFT32InvInit_32fcr.c">
      <Filter>nmpls\FFT_32fcr\IFFT0032\pc</Filter>
    </ClCompile>
    <ClCompile Include="..\..\src\nmpls\FFT_32fcr\IFFT0032\pc\nmpps-FFT32Inv_32fcr.c">
      <Filter>nmpls\FFT_32fcr\IFFT0032\pc</Filter>
    </ClCompile>
    <ClCompile Include="..\..\src\nmpls\FFT_32fcr\IFFT0064\pc\nmpps-FFT64InvInit_32fcr.c">
      <Filter>nmpls\FFT_32fcr\IFFT0064\pc</Filter>
    </ClCompile>
    <ClCompile Include="..\..\src\nmpls\FFT_32fcr\IFFT0064\pc\nmpps-FFT64Inv_32fcr.c">
      <Filter>nmpls\FFT_32fcr\IFFT0064\pc</Filter>
    </ClCompile>
    <ClCompile Include="..\..\src\nmpls\FFT_32fcr\IFFT0128\pc\nmpps-FFT128InvInit_32fcr.c">
      <Filter>nmpls\FFT_32fcr\IFFT0128\pc</Filter>
    </ClCompile>
    <ClCompile Include="..\..\src\nmpls\FFT_32fcr\IFFT0128\pc\nmpps-FFT128Inv_32fcr.c">
      <Filter>nmpls\FFT_32fcr\IFFT0128\pc</Filter>
    </ClCompile>
    <ClCompile Include="..\..\src\nmpls\FFT_32fcr\IFFT0256\pc\nmpps-FFT256InvInit_32fcr.c">
      <Filter>nmpls\FFT_32fcr\IFFT0256\pc</Filter>
    </ClCompile>
    <ClCompile Include="..\..\src\nmpls\FFT_32fcr\IFFT0256\pc\nmpps-FFT256Inv_32fcr.c">
      <Filter>nmpls\FFT_32fcr\IFFT0256\pc</Filter>
    </ClCompile>
    <ClCompile Include="..\..\src\nmpls\FFT_32fcr\IFFT0512\pc\nmpps-FFT512InvInit_32fcr.c">
      <Filter>nmpls\FFT_32fcr\IFFT0512\pc</Filter>
    </ClCompile>
    <ClCompile Include="..\..\src\nmpls\FFT_32fcr\IFFT0512\pc\nmpps-FFT512Inv_32fcr.c">
      <Filter>nmpls\FFT_32fcr\IFFT0512\pc</Filter>
    </ClCompile>
    <ClCompile Include="..\..\src\nmpls\FFT_32fcr\IFFT1024\pc\nmpps-FFT1024InvInit_32fcr.c">
      <Filter>nmpls\FFT_32fcr\IFFT1024\pc</Filter>
    </ClCompile>
    <ClCompile Include="..\..\src\nmpls\FFT_32fcr\IFFT1024\pc\nmpps-FFT1024Inv_32fcr.c">
      <Filter>nmpls\FFT_32fcr\IFFT1024\pc</Filter>
    </ClCompile>
    <ClCompile Include="..\..\src\nmpls\FFT_32fcr\IFFT2048\pc\nmpps-FFT2048InvInit_32fcr.c">
      <Filter>nmpls\FFT_32fcr\IFFT2048\pc</Filter>
    </ClCompile>
    <ClCompile Include="..\..\src\nmpls\FFT_32fcr\IFFT2048\pc\nmpps-FFT2048Inv_32fcr.c">
      <Filter>nmpls\FFT_32fcr\IFFT2048\pc</Filter>
    </ClCompile>
    <ClCompile Include="..\..\src\nmpls\FFT_32fcr\IFFT4096\pc\nmpps-FFT4096InvInit_32fcr.c">
      <Filter>nmpls\FFT_32fcr\IFFT4096\pc</Filter>
    </ClCompile>
    <ClCompile Include="..\..\src\nmpls\FFT_32fcr\IFFT4096\pc\nmpps-FFT4096Inv_32fcr.c">
      <Filter>nmpls\FFT_32fcr\IFFT4096\pc</Filter>
    </ClCompile>
    <ClCompile Include="..\..\src\nmpls\FFT_32fcr\common\nmpps-FFTFwdInit_32fcr.c">
      <Filter>nmpls\FFT_32fcr\common</Filter>
    </ClCompile>
    <ClCompile Include="..\..\src\nmpls\FFT_32fcr\common\nmpps-FFTFwd_32fcr.c">
      <Filter>nmpls\FFT_32fcr\common</Filter>
    </ClCompile>
    <ClCompile Include="..\..\src\nmpls\FFT_32fcr\common\nmpps-FFTInvInit_32fcr.c">
      <Filter>nmpls\FFT_32fcr\common</Filter>
    </ClCompile>
    <ClCompile Include="..\..\src\nmpls\FFT_32fcr\common\nmpps-FFTInv_32fcr.c">
      <Filter>nmpls\FFT_32fcr\common</Filter>
    </ClCompile>
    <ClCompile Include="..\..\src\nmpls\Filtration\common\nmppsFIRFree.cpp">
      <Filter>nmpls\Filtration\common</Filter>
    </ClCompile>
    <ClCompile Include="..\..\src\nmpls\Filtration\common\nmppsFIRInitAlloc_16s.cpp">
      <Filter>nmpls\Filtration\common</Filter>
    </ClCompile>
    <ClCompile Include="..\..\src\nmpls\Filtration\common\nmppsFIRInitAlloc_16s32s.cpp">
      <Filter>nmpls\Filtration\common</Filter>
    </ClCompile>
    <ClCompile Include="..\..\src\nmpls\Filtration\common\nmppsFIRInitAlloc_32s32s.cpp">
      <Filter>nmpls\Filtration\common</Filter>
    </ClCompile>
    <ClCompile Include="..\..\src\nmpls\Filtration\common\nmppsFIRInitAlloc_8s.cpp">
      <Filter>nmpls\Filtration\common</Filter>
    </ClCompile>
    <ClCompile Include="..\..\src\nmpls\Filtration\common\nmppsFIRInitAlloc_8s16s.cpp">
      <Filter>nmpls\Filtration\common</Filter>
    </ClCompile>
    <ClCompile Include="..\..\src\nmpls\Filtration\common\nmppsFIRInitAlloc_8s32.cpp">
      <Filter>nmpls\Filtration\common</Filter>
    </ClCompile>
    <ClCompile Include="..\..\src\nmpls\Filtration\pc\SIG_MedainV3.cpp">
      <Filter>nmpls\Filtration\pc</Filter>
    </ClCompile>
    <ClCompile Include="..\..\src\nmpls\Filtration\pc\SIG_MedainV9.cpp">
      <Filter>nmpls\Filtration\pc</Filter>
    </ClCompile>
    <ClCompile Include="..\..\src\nmpls\Filtration\pc\nmppsFIR.c">
      <Filter>nmpls\Filtration\pc</Filter>
    </ClCompile>
    <ClCompile Include="..\..\src\nmpls\Metric\msd.c">
      <Filter>nmpls\Metric</Filter>
    </ClCompile>
    <ClCompile Include="..\..\src\nmpls\Metric\nmppsNormDiff_Inf.c">
      <Filter>nmpls\Metric</Filter>
    </ClCompile>
    <ClCompile Include="..\..\src\nmpls\Metric\nmppsNormDiff_Inf_32f.c">
      <Filter>nmpls\Metric</Filter>
    </ClCompile>
    <ClCompile Include="..\..\src\nmpls\Metric\nmppsNormDiff_L1.c">
      <Filter>nmpls\Metric</Filter>
    </ClCompile>
    <ClCompile Include="..\..\src\nmpls\Metric\nmppsNormDiff_L2.c">
      <Filter>nmpls\Metric</Filter>
    </ClCompile>
    <ClCompile Include="..\..\src\nmpls\Metric\nmppsNormDiff_L2_32f.c">
      <Filter>nmpls\Metric</Filter>
    </ClCompile>
    <ClCompile Include="..\..\src\nmpls\Metric\nmppsNormDiff_L2_32fcr.cpp">
      <Filter>nmpls\Metric</Filter>
    </ClCompile>
    <ClCompile Include="..\..\src\nmpls\Metric\nmppsRMSD_32fcr.c">
      <Filter>nmpls\Metric</Filter>
    </ClCompile>
    <ClCompile Include="..\..\src\nmpls\Resample\pc\nmppsResample.cpp">
      <Filter>nmpls\Resample\pc</Filter>
    </ClCompile>
    <ClCompile Include="..\..\src\nmplv\Arithmetics\common\VEC_DivC__nm64sc_nm64sc.cpp">
      <Filter>nmplv\Arithmetics\common</Filter>
    </ClCompile>
    <ClCompile Include="..\..\src\nmplv\Arithmetics\common\nmpps-DotProd_16s16s.c">
      <Filter>nmplv\Arithmetics\common</Filter>
    </ClCompile>
    <ClCompile Include="..\..\src\nmplv\Arithmetics\common\nmpps-DotProd_16s32s.c">
      <Filter>nmplv\Arithmetics\common</Filter>
    </ClCompile>
    <ClCompile Include="..\..\src\nmplv\Arithmetics\common\nmpps-DotProd_32s32s.c">
      <Filter>nmplv\Arithmetics\common</Filter>
    </ClCompile>
    <ClCompile Include="..\..\src\nmplv\Arithmetics\common\nmpps-DotProd_8s16s.c">
      <Filter>nmplv\Arithmetics\common</Filter>
    </ClCompile>
    <ClCompile Include="..\..\src\nmplv\Arithmetics\common\nmpps-DotProd_8s32s.c">
      <Filter>nmplv\Arithmetics\common</Filter>
    </ClCompile>
    <ClCompile Include="..\..\src\nmplv\Arithmetics\common\nmpps-DotProd_8s8s.c">
      <Filter>nmplv\Arithmetics\common</Filter>
    </ClCompile>
    <ClCompile Include="..\..\src\nmplv\Arithmetics\pc\DivTable_1_145_18.c">
      <Filter>nmplv\Arithmetics\pc</Filter>
    </ClCompile>
    <ClCompile Include="..\..\src\nmplv\Arithmetics\pc\DivTable_1_145_19.c">
      <Filter>nmplv\Arithmetics\pc</Filter>
    </ClCompile>
    <ClCompile Include="..\..\src\nmplv\Arithmetics\pc\Quant.c">
      <Filter>nmplv\Arithmetics\pc</Filter>
    </ClCompile>
    <ClCompile Include="..\..\src\nmplv\Arithmetics\pc\nmpps-Abs.c">
      <Filter>nmplv\Arithmetics\pc</Filter>
    </ClCompile>
    <ClCompile Include="..\..\src\nmplv\Arithmetics\pc\nmpps-Abs1.c">
      <Filter>nmplv\Arithmetics\pc</Filter>
    </ClCompile>
    <ClCompile Include="..\..\src\nmplv\Arithmetics\pc\nmpps-AbsDiff.c">
      <Filter>nmplv\Arithmetics\pc</Filter>
    </ClCompile>
    <ClCompile Include="..\..\src\nmplv\Arithmetics\pc\nmpps-Add.c">
      <Filter>nmplv\Arithmetics\pc</Filter>
    </ClCompile>
    <ClCompile Include="..\..\src\nmplv\Arithmetics\pc\nmpps-AddC.c">
      <Filter>nmplv\Arithmetics\pc</Filter>
    </ClCompile>
    <ClCompile Include="..\..\src\nmplv\Arithmetics\pc\nmpps-AddExt.c">
      <Filter>nmplv\Arithmetics\pc</Filter>
    </ClCompile>
    <ClCompile Include="..\..\src\nmplv\Arithmetics\pc\nmpps-Add_f.c">
      <Filter>nmplv\Arithmetics\pc</Filter>
    </ClCompile>
    <ClCompile Include="..\..\src\nmplv\Arithmetics\pc\nmpps-DivC.c">
      <Filter>nmplv\Arithmetics\pc</Filter>
    </ClCompile>
    <ClCompile Include="..\..\src\nmplv\Arithmetics\pc\nmpps-Dot.c">
      <Filter>nmplv\Arithmetics\pc</Filter>
    </ClCompile>
    <ClCompile Include="..\..\src\nmplv\Arithmetics\pc\nmpps-MulC.c">
      <Filter>nmplv\Arithmetics\pc</Filter>
    </ClCompile>
    <ClCompile Include="..\..\src\nmplv\Arithmetics\pc\nmpps-MulC_AddC_2s16s.c">
      <Filter>nmplv\Arithmetics\pc</Filter>
    </ClCompile>
    <ClCompile Include="..\..\src\nmplv\Arithmetics\pc\nmpps-MulC_AddC_32f.c">
      <Filter>nmplv\Arithmetics\pc</Filter>
    </ClCompile>
    <ClCompile Include="..\..\src\nmplv\Arithmetics\pc\nmpps-MulC_Add_32fcr.c">
      <Filter>nmplv\Arithmetics\pc</Filter>
    </ClCompile>
    <ClCompile Include="..\..\src\nmplv\Arithmetics\pc\nmpps-MulC_f.c">
      <Filter>nmplv\Arithmetics\pc</Filter>
    </ClCompile>
    <ClCompile Include="..\..\src\nmplv\Arithmetics\pc\nmpps-Mul_AddC.c">
      <Filter>nmplv\Arithmetics\pc</Filter>
    </ClCompile>
    <ClCompile Include="..\..\src\nmplv\Arithmetics\pc\nmpps-Mul_AddC_f.c">
      <Filter>nmplv\Arithmetics\pc</Filter>
    </ClCompile>
    <ClCompile Include="..\..\src\nmplv\Arithmetics\pc\nmpps-Mul_Add_32f.c">
      <Filter>nmplv\Arithmetics\pc</Filter>
    </ClCompile>
    <ClCompile Include="..\..\src\nmplv\Arithmetics\pc\nmpps-Mul_Add_32fcr.c">
      <Filter>nmplv\Arithmetics\pc</Filter>
    </ClCompile>
    <ClCompile Include="..\..\src\nmplv\Arithmetics\pc\nmpps-Mul_Add_64f.c">
      <Filter>nmplv\Arithmetics\pc</Filter>
    </ClCompile>
    <ClCompile Include="..\..\src\nmplv\Arithmetics\pc\nmpps-Mul_Mul_Add_f.c">
      <Filter>nmplv\Arithmetics\pc</Filter>
    </ClCompile>
    <ClCompile Include="..\..\src\nmplv\Arithmetics\pc\nmpps-Mul_Mul_Sub_f.c">
      <Filter>nmplv\Arithmetics\pc</Filter>
    </ClCompile>
    <ClCompile Include="..\..\src\nmplv\Arithmetics\pc\nmpps-Mul_f.c">
      <Filter>nmplv\Arithmetics\pc</Filter>
    </ClCompile>
    <ClCompile Include="..\..\src\nmplv\Arithmetics\pc\nmpps-Neg.c">
      <Filter>nmplv\Arithmetics\pc</Filter>
    </ClCompile>
    <ClCompile Include="..\..\src\nmplv\Arithmetics\pc\nmpps-Sub.c">
      <Filter>nmplv\Arithmetics\pc</Filter>
    </ClCompile>
    <ClCompile Include="..\..\src\nmplv\Arithmetics\pc\nmpps-SubC.c">
      <Filter>nmplv\Arithmetics\pc</Filter>
    </ClCompile>
    <ClCompile Include="..\..\src\nmplv\Arithmetics\pc\nmpps-SubCRev.c">
      <Filter>nmplv\Arithmetics\pc</Filter>
    </ClCompile>
    <ClCompile Include="..\..\src\nmplv\Arithmetics\pc\nmpps-SubCRev_f.c">
      <Filter>nmplv\Arithmetics\pc</Filter>
    </ClCompile>
    <ClCompile Include="..\..\src\nmplv\Arithmetics\pc\nmpps-SubC_f.c">
      <Filter>nmplv\Arithmetics\pc</Filter>
    </ClCompile>
    <ClCompile Include="..\..\src\nmplv\Arithmetics\pc\nmpps-Sub_f.c">
      <Filter>nmplv\Arithmetics\pc</Filter>
    </ClCompile>
    <ClCompile Include="..\..\src\nmplv\Arithmetics\pc\nmpps-Sum.c">
      <Filter>nmplv\Arithmetics\pc</Filter>
    </ClCompile>
    <ClCompile Include="..\..\src\nmplv\Arithmetics\pc\nmppsAddC_f.c">
      <Filter>nmplv\Arithmetics\pc</Filter>
    </ClCompile>
    <ClCompile Include="..\..\src\nmplv\Arithmetics\pc\nmppsMulV.c">
      <Filter>nmplv\Arithmetics\pc</Filter>
    </ClCompile>
    <ClCompile Include="..\..\src\nmplv\Arithmetics\pc\nmppsWadd2V.c">
      <Filter>nmplv\Arithmetics\pc</Filter>
    </ClCompile>
    <ClCompile Include="..\..\src\nmplv\Bitwise\pc\nmpps-And.c">
      <Filter>nmplv\Bitwise\pc</Filter>
    </ClCompile>
    <ClCompile Include="..\..\src\nmplv\Bitwise\pc\nmpps-And4V.c">
      <Filter>nmplv\Bitwise\pc</Filter>
    </ClCompile>
    <ClCompile Include="..\..\src\nmplv\Bitwise\pc\nmpps-AndC.c">
      <Filter>nmplv\Bitwise\pc</Filter>
    </ClCompile>
    <ClCompile Include="..\..\src\nmplv\Bitwise\pc\nmpps-AndNV.c">
      <Filter>nmplv\Bitwise\pc</Filter>
    </ClCompile>
    <ClCompile Include="..\..\src\nmplv\Bitwise\pc\nmpps-Logic.c">
      <Filter>nmplv\Bitwise\pc</Filter>
    </ClCompile>
    <ClCompile Include="..\..\src\nmplv\Bitwise\pc\nmpps-Not.c">
      <Filter>nmplv\Bitwise\pc</Filter>
    </ClCompile>
    <ClCompile Include="..\..\src\nmplv\Bitwise\pc\nmpps-Or.c">
      <Filter>nmplv\Bitwise\pc</Filter>
    </ClCompile>
    <ClCompile Include="..\..\src\nmplv\Bitwise\pc\nmpps-Or3V.c">
      <Filter>nmplv\Bitwise\pc</Filter>
    </ClCompile>
    <ClCompile Include="..\..\src\nmplv\Bitwise\pc\nmpps-Or4V.c">
      <Filter>nmplv\Bitwise\pc</Filter>
    </ClCompile>
    <ClCompile Include="..\..\src\nmplv\Bitwise\pc\nmpps-OrC.c">
      <Filter>nmplv\Bitwise\pc</Filter>
    </ClCompile>
    <ClCompile Include="..\..\src\nmplv\Bitwise\pc\nmpps-OrNV.c">
      <Filter>nmplv\Bitwise\pc</Filter>
    </ClCompile>
    <ClCompile Include="..\..\src\nmplv\Bitwise\pc\nmpps-RShiftC.c">
      <Filter>nmplv\Bitwise\pc</Filter>
    </ClCompile>
    <ClCompile Include="..\..\src\nmplv\Bitwise\pc\nmpps-Xor.c">
      <Filter>nmplv\Bitwise\pc</Filter>
    </ClCompile>
    <ClCompile Include="..\..\src\nmplv\Bitwise\pc\nmpps-XorC.c">
      <Filter>nmplv\Bitwise\pc</Filter>
    </ClCompile>
    <ClCompile Include="..\..\src\nmplv\Init\common\nmchar.cpp">
      <Filter>nmplv\Init\common</Filter>
    </ClCompile>
    <ClCompile Include="..\..\src\nmplv\Init\common\nmppsRamp.c">
      <Filter>nmplv\Init\common</Filter>
    </ClCompile>
    <ClCompile Include="..\..\src\nmplv\Init\common\nmppsRand32u.c">
      <Filter>nmplv\Init\common</Filter>
    </ClCompile>
    <ClCompile Include="..\..\src\nmplv\Init\common\nmppsRand_64f.c">
      <Filter>nmplv\Init\common</Filter>
    </ClCompile>
    <ClCompile Include="..\..\src\nmplv\Init\common\nmppsrand_32f.c">
      <Filter>nmplv\Init\common</Filter>
    </ClCompile>
    <ClCompile Include="..\..\src\nmplv\Init\pc\nmppsCnv.c">
      <Filter>nmplv\Init\pc</Filter>
    </ClCompile>
    <ClCompile Include="..\..\src\nmplv\Init\pc\nmppsCnv_Risc.c">
      <Filter>nmplv\Init\pc</Filter>
    </ClCompile>
    <ClCompile Include="..\..\src\nmplv\Init\pc\nmppsCnv_f.c">
      <Filter>nmplv\Init\pc</Filter>
    </ClCompile>
    <ClCompile Include="..\..\src\nmplv\Init\pc\nmppsCopy.c">
      <Filter>nmplv\Init\pc</Filter>
    </ClCompile>
    <ClCompile Include="..\..\src\nmplv\Init\pc\nmppsMerge.c">
      <Filter>nmplv\Init\pc</Filter>
    </ClCompile>
    <ClCompile Include="..\..\src\nmplv\Init\pc\nmppsRandUniform_64s.c">
      <Filter>nmplv\Init\pc</Filter>
    </ClCompile>
    <ClCompile Include="..\..\src\nmplv\Init\pc\nmppsSet.c">
      <Filter>nmplv\Init\pc</Filter>
    </ClCompile>
    <ClCompile Include="..\..\src\nmplv\Init\pc\nmppsSplit.c">
      <Filter>nmplv\Init\pc</Filter>
    </ClCompile>
    <ClCompile Include="..\..\src\nmplv\Init\pc\nmppsSwap.c">
      <Filter>nmplv\Init\pc</Filter>
    </ClCompile>
    <ClCompile Include="..\..\src\nmplv\Select\common\nmpps-CmpLtC_16s.c">
      <Filter>nmplv\Select\common</Filter>
    </ClCompile>
    <ClCompile Include="..\..\src\nmplv\Select\common\nmpps-CmpLtC_32s.c">
      <Filter>nmplv\Select\common</Filter>
    </ClCompile>
    <ClCompile Include="..\..\src\nmplv\Select\common\nmpps-CmpLtC_64s.c">
      <Filter>nmplv\Select\common</Filter>
    </ClCompile>
    <ClCompile Include="..\..\src\nmplv\Select\common\nmpps-CmpLtC_8s.c">
      <Filter>nmplv\Select\common</Filter>
    </ClCompile>
    <ClCompile Include="..\..\src\nmplv\Select\common\nmpps-CmpLt_16s8u.c">
      <Filter>nmplv\Select\common</Filter>
    </ClCompile>
    <ClCompile Include="..\..\src\nmplv\Select\common\nmpps-CmpLt_32s8u.c">
      <Filter>nmplv\Select\common</Filter>
    </ClCompile>
    <ClCompile Include="..\..\src\nmplv\Select\common\nmpps-CmpLt_64s8u.c">
      <Filter>nmplv\Select\common</Filter>
    </ClCompile>
    <ClCompile Include="..\..\src\nmplv\Select\common\nmpps-CmpLt_8s8u.c">
      <Filter>nmplv\Select\common</Filter>
    </ClCompile>
    <ClCompile Include="..\..\src\nmplv\Select\common\nmpps-CmpNeC_16s8u.c">
      <Filter>nmplv\Select\common</Filter>
    </ClCompile>
    <ClCompile Include="..\..\src\nmplv\Select\common\nmpps-CmpNeC_32s8u.c">
      <Filter>nmplv\Select\common</Filter>
    </ClCompile>
    <ClCompile Include="..\..\src\nmplv\Select\common\nmpps-CmpNeC_64s8u.c">
      <Filter>nmplv\Select\common</Filter>
    </ClCompile>
    <ClCompile Include="..\..\src\nmplv\Select\common\nmpps-CmpNeC_8s8u.c">
      <Filter>nmplv\Select\common</Filter>
    </ClCompile>
    <ClCompile Include="..\..\src\nmplv\Select\common\nmpps-CmpNe_16s8u.c">
      <Filter>nmplv\Select\common</Filter>
    </ClCompile>
    <ClCompile Include="..\..\src\nmplv\Select\common\nmpps-CmpNe_32s8u.c">
      <Filter>nmplv\Select\common</Filter>
    </ClCompile>
    <ClCompile Include="..\..\src\nmplv\Select\common\nmpps-CmpNe_64s8u.c">
      <Filter>nmplv\Select\common</Filter>
    </ClCompile>
    <ClCompile Include="..\..\src\nmplv\Select\common\nmpps-CmpNe_8s8u.c">
      <Filter>nmplv\Select\common</Filter>
    </ClCompile>
    <ClCompile Include="..\..\src\nmplv\Select\common\nmpps-Max_16sm.c">
      <Filter>nmplv\Select\common</Filter>
    </ClCompile>
    <ClCompile Include="..\..\src\nmplv\Select\common\nmpps-Max_32sm.c">
      <Filter>nmplv\Select\common</Filter>
    </ClCompile>
    <ClCompile Include="..\..\src\nmplv\Select\common\nmpps-Max_8sm.c">
      <Filter>nmplv\Select\common</Filter>
    </ClCompile>
    <ClCompile Include="..\..\src\nmplv\Select\common\nmpps-Min_16sm.c">
      <Filter>nmplv\Select\common</Filter>
    </ClCompile>
    <ClCompile Include="..\..\src\nmplv\Select\common\nmpps-Min_32sm.c">
      <Filter>nmplv\Select\common</Filter>
    </ClCompile>
    <ClCompile Include="..\..\src\nmplv\Select\common\nmpps-Min_8sm.c">
      <Filter>nmplv\Select\common</Filter>
    </ClCompile>
    <ClCompile Include="..\..\src\nmplv\Select\common\nmpps-clipconvertaddcinitalloc_16s8s.c">
      <Filter>nmplv\Select\common</Filter>
    </ClCompile>
    <ClCompile Include="..\..\src\nmplv\Select\common\nmppsLastNonZeroIndx.c">
      <Filter>nmplv\Select\common</Filter>
    </ClCompile>
    <ClCompile Include="..\..\src\nmplv\Select\common\nmppsLastZeroIndx.c">
      <Filter>nmplv\Select\common</Filter>
    </ClCompile>
    <ClCompile Include="..\..\src\nmplv\Select\common\nmppsMaxIndx_nm16s.c">
      <Filter>nmplv\Select\common</Filter>
    </ClCompile>
    <ClCompile Include="..\..\src\nmplv\Select\common\nmppsMaxIndx_nm32s.c">
      <Filter>nmplv\Select\common</Filter>
    </ClCompile>
    <ClCompile Include="..\..\src\nmplv\Select\common\nmppsMaxIndx_nm8s.c">
      <Filter>nmplv\Select\common</Filter>
    </ClCompile>
    <ClCompile Include="..\..\src\nmplv\Select\common\nmppsMinIndx_nm16s.c">
      <Filter>nmplv\Select\common</Filter>
    </ClCompile>
    <ClCompile Include="..\..\src\nmplv\Select\common\nmppsMinIndx_nm32s.c">
      <Filter>nmplv\Select\common</Filter>
    </ClCompile>
    <ClCompile Include="..\..\src\nmplv\Select\common\nmppsMinIndx_nm8s.c">
      <Filter>nmplv\Select\common</Filter>
    </ClCompile>
    <ClCompile Include="..\..\src\nmplv\Select\pc\nmpps-ClipConvertAddC.c">
      <Filter>nmplv\Select\pc</Filter>
    </ClCompile>
    <ClCompile Include="..\..\src\nmplv\Select\pc\nmpps-CmpNe0.c">
      <Filter>nmplv\Select\pc</Filter>
    </ClCompile>
    <ClCompile Include="..\..\src\nmplv\Select\pc\nmppsClipPowArshCnvAddC.cpp">
      <Filter>nmplv\Select\pc</Filter>
    </ClCompile>
    <ClCompile Include="..\..\src\nmplv\Select\pc\nmppsClipPowC.c">
      <Filter>nmplv\Select\pc</Filter>
    </ClCompile>
    <ClCompile Include="..\..\src\nmplv\Select\pc\nmppsClipRShiftConvertAddC_16s8s.cpp">
      <Filter>nmplv\Select\pc</Filter>
    </ClCompile>
    <ClCompile Include="..\..\src\nmplv\Select\pc\nmppsClipRShiftConvertAddC_32s8s.cpp">
      <Filter>nmplv\Select\pc</Filter>
    </ClCompile>
    <ClCompile Include="..\..\src\nmplv\Select\pc\nmppsClip_Arsh_Cnv_AddC_Ext.cpp">
      <Filter>nmplv\Select\pc</Filter>
    </ClCompile>
    <ClCompile Include="..\..\src\nmplv\Select\pc\nmppsCmpEq0.c">
      <Filter>nmplv\Select\pc</Filter>
    </ClCompile>
    <ClCompile Include="..\..\src\nmplv\Select\pc\nmppsCmpEqC.c">
      <Filter>nmplv\Select\pc</Filter>
    </ClCompile>
    <ClCompile Include="..\..\src\nmplv\Select\pc\nmppsCmpEqV.c">
      <Filter>nmplv\Select\pc</Filter>
    </ClCompile>
    <ClCompile Include="..\..\src\nmplv\Select\pc\nmppsCmpGt0.c">
      <Filter>nmplv\Select\pc</Filter>
    </ClCompile>
    <ClCompile Include="..\..\src\nmplv\Select\pc\nmppsCmpGtC_v2nm32f.c">
      <Filter>nmplv\Select\pc</Filter>
    </ClCompile>
    <ClCompile Include="..\..\src\nmplv\Select\pc\nmppsCmpGteC_v2nm32f.c">
      <Filter>nmplv\Select\pc</Filter>
    </ClCompile>
    <ClCompile Include="..\..\src\nmplv\Select\pc\nmppsCmpLt.c">
      <Filter>nmplv\Select\pc</Filter>
    </ClCompile>
    <ClCompile Include="..\..\src\nmplv\Select\pc\nmppsCmpLt0.c">
      <Filter>nmplv\Select\pc</Filter>
    </ClCompile>
    <ClCompile Include="..\..\src\nmplv\Select\pc\nmppsCmpLtC.c">
      <Filter>nmplv\Select\pc</Filter>
    </ClCompile>
    <ClCompile Include="..\..\src\nmplv\Select\pc\nmppsCmpLtC_v2nm32f.c">
      <Filter>nmplv\Select\pc</Filter>
    </ClCompile>
    <ClCompile Include="..\..\src\nmplv\Select\pc\nmppsCmpLteC_v2nm32f.c">
      <Filter>nmplv\Select\pc</Filter>
    </ClCompile>
    <ClCompile Include="..\..\src\nmplv\Select\pc\nmppsCmpMinMaxEvery.c">
      <Filter>nmplv\Select\pc</Filter>
    </ClCompile>
    <ClCompile Include="..\..\src\nmplv\Select\pc\nmppsCmpNe.c">
      <Filter>nmplv\Select\pc</Filter>
    </ClCompile>
    <ClCompile Include="..\..\src\nmplv\Select\pc\nmppsCmpNeC.c">
      <Filter>nmplv\Select\pc</Filter>
    </ClCompile>
    <ClCompile Include="..\..\src\nmplv\Select\pc\nmppsCmpNeV.c">
      <Filter>nmplv\Select\pc</Filter>
    </ClCompile>
    <ClCompile Include="..\..\src\nmplv\Select\pc\nmppsFirstNonZeroIndx.c">
      <Filter>nmplv\Select\pc</Filter>
    </ClCompile>
    <ClCompile Include="..\..\src\nmplv\Select\pc\nmppsFirstZeroIndx.c">
      <Filter>nmplv\Select\pc</Filter>
    </ClCompile>
    <ClCompile Include="..\..\src\nmplv\Select\pc\nmppsMax.c">
      <Filter>nmplv\Select\pc</Filter>
    </ClCompile>
    <ClCompile Include="..\..\src\nmplv\Select\pc\nmppsMaxEvery.c">
      <Filter>nmplv\Select\pc</Filter>
    </ClCompile>
    <ClCompile Include="..\..\src\nmplv\Select\pc\nmppsMin.c">
      <Filter>nmplv\Select\pc</Filter>
    </ClCompile>
    <ClCompile Include="..\..\src\nmplv\Select\pc\nmppsMinCmpLtV.c">
      <Filter>nmplv\Select\pc</Filter>
    </ClCompile>
    <ClCompile Include="..\..\src\nmplv\Select\pc\nmppsMinEvery.c">
      <Filter>nmplv\Select\pc</Filter>
    </ClCompile>
    <ClCompile Include="..\..\src\nmplv\Select\pc\nmppsMinEveryN.c">
      <Filter>nmplv\Select\pc</Filter>
    </ClCompile>
    <ClCompile Include="..\..\src\nmplv\Select\pc\nmppsMinPos1024.cpp">
      <Filter>nmplv\Select\pc</Filter>
    </ClCompile>
    <ClCompile Include="..\..\src\nmplv\Select\pc\nmppsMinPos16.cpp">
      <Filter>nmplv\Select\pc</Filter>
    </ClCompile>
    <ClCompile Include="..\..\src\nmplv\Select\pc\nmppsMinPos25.cpp">
      <Filter>nmplv\Select\pc</Filter>
    </ClCompile>
    <ClCompile Include="..\..\src\nmplv\Select\pc\nmppsMinPos256.cpp">
      <Filter>nmplv\Select\pc</Filter>
    </ClCompile>
    <ClCompile Include="..\..\src\nmplv\Select\pc\nmppsMinPos9.cpp">
      <Filter>nmplv\Select\pc</Filter>
    </ClCompile>
    <ClCompile Include="..\..\src\nmplv\Select\pc\nmppsThreshold_Lt_Gt_32f.cpp">
      <Filter>nmplv\Select\pc</Filter>
    </ClCompile>
    <ClCompile Include="..\..\src\nmplv\Stat\common\CRC32_Table.c">
      <Filter>nmplv\Stat\common</Filter>
    </ClCompile>
    <ClCompile Include="..\..\src\nmplv\Stat\common\nmpps-CrcAcc_64f.c">
      <Filter>nmplv\Stat\common</Filter>
    </ClCompile>
    <ClCompile Include="..\..\src\nmplv\Stat\common\nmpps_Crc.c">
      <Filter>nmplv\Stat\common</Filter>
    </ClCompile>
    <ClCompile Include="..\..\src\nmplv\Stat\pc\32Ini.cpp">
      <Filter>nmplv\Stat\pc</Filter>
    </ClCompile>
    <ClCompile Include="..\..\src\nmplv\Stat\pc\VEC_SadV16.cpp">
      <Filter>nmplv\Stat\pc</Filter>
    </ClCompile>
    <ClCompile Include="..\..\src\nmplv\Stat\pc\nmpps-CrcAcc_32f.c">
      <Filter>nmplv\Stat\pc</Filter>
    </ClCompile>
    <ClCompile Include="..\..\src\nmplv\Stat\pc\nmpps-CrcAcc_32u.c">
      <Filter>nmplv\Stat\pc</Filter>
    </ClCompile>
    <ClCompile Include="..\..\src\nmplv\Support\common\malloc32.c">
      <Filter>nmplv\Support\common</Filter>
    </ClCompile>
    <ClCompile Include="..\..\src\nmplv\Support\common\malloc32timer.c">
      <Filter>nmplv\Support\common</Filter>
    </ClCompile>
    <ClCompile Include="..\..\src\nmplv\Support\common\nmppsMallocBetterRoute.c">
      <Filter>nmplv\Support\common</Filter>
    </ClCompile>
    <ClCompile Include="..\..\src\nmplv\Support\common\nmppsMallocRandomRoute.c">
      <Filter>nmplv\Support\common</Filter>
    </ClCompile>
    <ClCompile Include="..\..\src\nmplv\Support\common\nmppsMallocResetRoute.c">
      <Filter>nmplv\Support\common</Filter>
    </ClCompile>
    <ClCompile Include="..\..\src\nmplv\Support\pc\VEC_Addr.cpp">
      <Filter>nmplv\Support\pc</Filter>
    </ClCompile>
    <ClCompile Include="..\..\src\nmplv\Support\pc\VEC_Malloc64s.c">
      <Filter>nmplv\Support\pc</Filter>
    </ClCompile>
    <ClCompile Include="..\..\src\nmplv\Support\pc\nmpps-Get.c">
      <Filter>nmplv\Support\pc</Filter>
    </ClCompile>
    <ClCompile Include="..\..\src\nmplv\Support\pc\nmpps-Put.c">
      <Filter>nmplv\Support\pc</Filter>
    </ClCompile>
    <ClCompile Include="..\..\src\nmplv\Transform\common\VEC_Remap_nm8u.cpp">
      <Filter>nmplv\Transform\common</Filter>
    </ClCompile>
    <ClCompile Include="..\..\src\nmplv\Transform\pc\VEC_QSort.cpp">
      <Filter>nmplv\Transform\pc</Filter>
    </ClCompile>
    <ClCompile Include="..\..\src\nmplv\Transform\pc\VEC_Remap.cpp">
      <Filter>nmplv\Transform\pc</Filter>
    </ClCompile>
    <ClCompile Include="..\..\src\nmplv\Transform\pc\VEC_Split.cpp">
      <Filter>nmplv\Transform\pc</Filter>
    </ClCompile>
    <ClCompile Include="..\..\src\nmplv\Transform\pc\nmppsDecimate.cpp">
      <Filter>nmplv\Transform\pc</Filter>
    </ClCompile>
  </ItemGroup>
</Project>