
Microsoft Visual Studio Solution File, Format Version 9.00
# Visual Studio 2005
Project("{8BC9CEB8-8B4A-11D0-8D11-00A0C91BC942}") = "nmpp_nmc3", "nmc3\nmpp_nmc3.vcproj", "{D979E765-1DDA-4536-8F56-CAB81C32F5CF}"
EndProject
Global
	GlobalSection(SolutionConfigurationPlatforms) = preSolution
		Debug|Win32 = Debug|Win32
		Release|Win32 = Release|Win32
	EndGlobalSection
	GlobalSection(ProjectConfigurationPlatforms) = postSolution
		{D979E765-1DDA-4536-8F56-CAB81C32F5CF}.Debug|Win32.ActiveCfg = Debug|Win32
		{D979E765-1DDA-4536-8F56-CAB81C32F5CF}.Debug|Win32.Build.0 = Debug|Win32
		{D979E765-1DDA-4536-8F56-CAB81C32F5CF}.Release|Win32.ActiveCfg = Release|Win32
		{D979E765-1DDA-4536-8F56-CAB81C32F5CF}.Release|Win32.Build.0 = Release|Win32
	EndGlobalSection
	GlobalSection(SolutionProperties) = preSolution
		HideSolutionNode = FALSE
	EndGlobalSection
EndGlobal
