
Microsoft Visual Studio Solution File, Format Version 9.00
# Visual Studio 2005
Project("{8BC9CEB8-8B4A-11D0-8D11-00A0C91BC942}") = "nmpp-nmc3", "nmpp-nmc3\nmpp-nmc3.vcproj", "{BE94C54D-2AFF-79C4-733D-2B6ADFE65719}"
EndProject
Project("{8BC9CEB8-8B4A-11D0-8D11-00A0C91BC942}") = "nmpp-nmc3-nmcc", "nmpp-nmc3-nmcc\nmpp-nmc3-nmcc.vcproj", "{2AE9024F-00C6-4165-BE96-B90CC78CC0F5}"
EndProject
Global
	GlobalSection(SolutionConfigurationPlatforms) = preSolution
		Debug|Win32 = Debug|Win32
		Release|Win32 = Release|Win32
	EndGlobalSection
	GlobalSection(ProjectConfigurationPlatforms) = postSolution
		{BE94C54D-2AFF-79C4-733D-2B6ADFE65719}.Debug|Win32.ActiveCfg = Debug|Win32
		{BE94C54D-2AFF-79C4-733D-2B6ADFE65719}.Debug|Win32.Build.0 = Debug|Win32
		{BE94C54D-2AFF-79C4-733D-2B6ADFE65719}.Release|Win32.ActiveCfg = Release|Win32
		{BE94C54D-2AFF-79C4-733D-2B6ADFE65719}.Release|Win32.Build.0 = Release|Win32
		{2AE9024F-00C6-4165-BE96-B90CC78CC0F5}.Debug|Win32.ActiveCfg = Debug|Win32
		{2AE9024F-00C6-4165-BE96-B90CC78CC0F5}.Debug|Win32.Build.0 = Debug|Win32
		{2AE9024F-00C6-4165-BE96-B90CC78CC0F5}.Release|Win32.ActiveCfg = Release|Win32
		{2AE9024F-00C6-4165-BE96-B90CC78CC0F5}.Release|Win32.Build.0 = Release|Win32
	EndGlobalSection
	GlobalSection(SolutionProperties) = preSolution
		HideSolutionNode = FALSE
	EndGlobalSection
EndGlobal
